
Microsoft Visual Studio Solution File, Format Version 12.00
# Visual Studio 15
VisualStudioVersion = 14.0.25420.1
MinimumVisualStudioVersion = 10.0.40219.1
Project("{FAE04EC0-301F-11D3-BF4B-00C04F79EFBC}") = "Trinity.TSL.Metagen", "Trinity.TSL.Metagen\Trinity.TSL.Metagen.csproj", "{9AB856DF-2A56-405B-B1AB-A6F4F6C5A774}"
EndProject
Project("{FAE04EC0-301F-11D3-BF4B-00C04F79EFBC}") = "Trinity.TSL.CodeTemplates", "Trinity.TSL.CodeTemplates\Trinity.TSL.CodeTemplates.csproj", "{04DE924E-31BF-4C8E-82CE-FC1FC3E5342C}"
EndProject
Project("{FAE04EC0-301F-11D3-BF4B-00C04F79EFBC}") = "Trinity.Core", "..\Trinity.Core\Trinity.Core.csproj", "{3C57EEA4-4AC0-4F72-A2C3-2715F07E29FB}"
EndProject
Project("{8BC9CEB8-8B4A-11D0-8D11-00A0C91BC942}") = "Trinity.TSL.Parser", "Trinity.TSL.Parser\Trinity.TSL.Parser.vcxproj", "{8DF908E2-3C7D-4E7E-B07B-0E23E027F4E0}"
EndProject
Project("{8BC9CEB8-8B4A-11D0-8D11-00A0C91BC942}") = "Trinity.C", "..\Trinity.C\Trinity.C.vcxproj", "{53440B2C-3D01-40DA-BBAE-36B654541EE7}"
EndProject
Project("{8BC9CEB8-8B4A-11D0-8D11-00A0C91BC942}") = "Trinity.TSL.CodeGen", "Trinity.TSL.CodeGen\Trinity.TSL.CodeGen.vcxproj", "{2DC8606A-1350-4AC8-A6E9-083EF7A14F10}"
EndProject
Global
	GlobalSection(SolutionConfigurationPlatforms) = preSolution
		Debug|Any CPU = Debug|Any CPU
		Release|Any CPU = Release|Any CPU
	EndGlobalSection
	GlobalSection(ProjectConfigurationPlatforms) = postSolution
		{9AB856DF-2A56-405B-B1AB-A6F4F6C5A774}.Debug|Any CPU.ActiveCfg = Debug|Any CPU
		{9AB856DF-2A56-405B-B1AB-A6F4F6C5A774}.Debug|Any CPU.Build.0 = Debug|Any CPU
		{9AB856DF-2A56-405B-B1AB-A6F4F6C5A774}.Release|Any CPU.ActiveCfg = Release|Any CPU
		{9AB856DF-2A56-405B-B1AB-A6F4F6C5A774}.Release|Any CPU.Build.0 = Release|Any CPU
		{04DE924E-31BF-4C8E-82CE-FC1FC3E5342C}.Debug|Any CPU.ActiveCfg = Debug|Any CPU
		{04DE924E-31BF-4C8E-82CE-FC1FC3E5342C}.Debug|Any CPU.Build.0 = Debug|Any CPU
		{04DE924E-31BF-4C8E-82CE-FC1FC3E5342C}.Release|Any CPU.ActiveCfg = Release|Any CPU
		{3C57EEA4-4AC0-4F72-A2C3-2715F07E29FB}.Debug|Any CPU.ActiveCfg = Debug|Any CPU
		{3C57EEA4-4AC0-4F72-A2C3-2715F07E29FB}.Release|Any CPU.ActiveCfg = Release|Any CPU
		{8DF908E2-3C7D-4E7E-B07B-0E23E027F4E0}.Debug|Any CPU.ActiveCfg = Debug|Win32
		{8DF908E2-3C7D-4E7E-B07B-0E23E027F4E0}.Debug|Any CPU.Build.0 = Debug|Win32
		{8DF908E2-3C7D-4E7E-B07B-0E23E027F4E0}.Release|Any CPU.ActiveCfg = Release|Win32
		{8DF908E2-3C7D-4E7E-B07B-0E23E027F4E0}.Release|Any CPU.Build.0 = Release|Win32
		{53440B2C-3D01-40DA-BBAE-36B654541EE7}.Debug|Any CPU.ActiveCfg = Debug|x64
		{53440B2C-3D01-40DA-BBAE-36B654541EE7}.Release|Any CPU.ActiveCfg = Release|x64
		{2DC8606A-1350-4AC8-A6E9-083EF7A14F10}.Debug|Any CPU.ActiveCfg = Debug|Win32
		{2DC8606A-1350-4AC8-A6E9-083EF7A14F10}.Debug|Any CPU.Build.0 = Debug|Win32
		{2DC8606A-1350-4AC8-A6E9-083EF7A14F10}.Release|Any CPU.ActiveCfg = Release|Win32
		{2DC8606A-1350-4AC8-A6E9-083EF7A14F10}.Release|Any CPU.Build.0 = Release|Win32
	EndGlobalSection
	GlobalSection(SolutionProperties) = preSolution
		HideSolutionNode = FALSE
	EndGlobalSection
EndGlobal
