
Microsoft Visual Studio Solution File, Format Version 12.00
# Visual Studio 15
VisualStudioVersion = 15.0.27130.2010
MinimumVisualStudioVersion = 10.0.40219.1
Project("{FAE04EC0-301F-11D3-BF4B-00C04F79EFBC}") = "IKW.GratusSenseDatum.OntologyAPI", "IKW.GratusSenseDatum.OntologyAPI\IKW.GratusSenseDatum.OntologyAPI.csproj", "{03BCB5ED-0155-4F2B-9DA9-6F7880BBA78E}"
EndProject
Global
	GlobalSection(SolutionConfigurationPlatforms) = preSolution
		Debug|Any CPU = Debug|Any CPU
		Release|Any CPU = Release|Any CPU
	EndGlobalSection
	GlobalSection(ProjectConfigurationPlatforms) = postSolution
		{03BCB5ED-0155-4F2B-9DA9-6F7880BBA78E}.Debug|Any CPU.ActiveCfg = Debug|Any CPU
		{03BCB5ED-0155-4F2B-9DA9-6F7880BBA78E}.Debug|Any CPU.Build.0 = Debug|Any CPU
		{03BCB5ED-0155-4F2B-9DA9-6F7880BBA78E}.Release|Any CPU.ActiveCfg = Release|Any CPU
		{03BCB5ED-0155-4F2B-9DA9-6F7880BBA78E}.Release|Any CPU.Build.0 = Release|Any CPU
	EndGlobalSection
	GlobalSection(SolutionProperties) = preSolution
		HideSolutionNode = FALSE
	EndGlobalSection
	GlobalSection(ExtensibilityGlobals) = postSolution
		SolutionGuid = {A1EF3900-4867-4D38-A740-6D44F0E92910}
	EndGlobalSection
EndGlobal
