
Microsoft Visual Studio Solution File, Format Version 12.00
# Visual Studio Version 16
VisualStudioVersion = 16.0.30104.148
MinimumVisualStudioVersion = 10.0.40219.1
Project("{9A19103F-16F7-4668-BE54-9A1E7A4F7556}") = "Trinity.Client", "Trinity.Client\Trinity.Client.csproj", "{3D6DA1D3-C437-416C-9C73-8DAC07FC472B}"
EndProject
Project("{9A19103F-16F7-4668-BE54-9A1E7A4F7556}") = "Trinity.Client.TestClient", "Trinity.Client.TestClient\Trinity.Client.TestClient.csproj", "{6623DF4B-D77E-4967-A0A1-1D5F44F8EDDD}"
EndProject
Project("{9A19103F-16F7-4668-BE54-9A1E7A4F7556}") = "Trinity.Client.TestProtocols", "Trinity.Client.TestProtocols\Trinity.Client.TestProtocols.csproj", "{BF3C0F3B-7BC9-40E2-BD17-947C338EEC1E}"
EndProject
Project("{9A19103F-16F7-4668-BE54-9A1E7A4F7556}") = "Trinity.Client.TestServer", "Trinity.Client.TestServer\Trinity.Client.TestServer.csproj", "{072BD8BE-4078-4F0F-B158-6880AA7B184B}"
EndProject
Project("{2150E333-8FDC-42A3-9474-1A3956D46DE8}") = "Solution Items", "Solution Items", "{DA814659-858E-4B30-B551-E72A50875ABA}"
	ProjectSection(SolutionItems) = preProject
		CMakeLists.txt = CMakeLists.txt
		README.md = README.md
	EndProjectSection
EndProject
Global
	GlobalSection(SolutionConfigurationPlatforms) = preSolution
		Debug|Any CPU = Debug|Any CPU
		Release|Any CPU = Release|Any CPU
	EndGlobalSection
	GlobalSection(ProjectConfigurationPlatforms) = postSolution
		{3D6DA1D3-C437-416C-9C73-8DAC07FC472B}.Debug|Any CPU.ActiveCfg = Debug|Any CPU
		{3D6DA1D3-C437-416C-9C73-8DAC07FC472B}.Debug|Any CPU.Build.0 = Debug|Any CPU
		{3D6DA1D3-C437-416C-9C73-8DAC07FC472B}.Release|Any CPU.ActiveCfg = Release|Any CPU
		{3D6DA1D3-C437-416C-9C73-8DAC07FC472B}.Release|Any CPU.Build.0 = Release|Any CPU
		{6623DF4B-D77E-4967-A0A1-1D5F44F8EDDD}.Debug|Any CPU.ActiveCfg = Debug|Any CPU
		{6623DF4B-D77E-4967-A0A1-1D5F44F8EDDD}.Debug|Any CPU.Build.0 = Debug|Any CPU
		{6623DF4B-D77E-4967-A0A1-1D5F44F8EDDD}.Release|Any CPU.ActiveCfg = Release|Any CPU
		{6623DF4B-D77E-4967-A0A1-1D5F44F8EDDD}.Release|Any CPU.Build.0 = Release|Any CPU
		{BF3C0F3B-7BC9-40E2-BD17-947C338EEC1E}.Debug|Any CPU.ActiveCfg = Debug|Any CPU
		{BF3C0F3B-7BC9-40E2-BD17-947C338EEC1E}.Debug|Any CPU.Build.0 = Debug|Any CPU
		{BF3C0F3B-7BC9-40E2-BD17-947C338EEC1E}.Release|Any CPU.ActiveCfg = Release|Any CPU
		{BF3C0F3B-7BC9-40E2-BD17-947C338EEC1E}.Release|Any CPU.Build.0 = Release|Any CPU
		{072BD8BE-4078-4F0F-B158-6880AA7B184B}.Debug|Any CPU.ActiveCfg = Debug|Any CPU
		{072BD8BE-4078-4F0F-B158-6880AA7B184B}.Debug|Any CPU.Build.0 = Debug|Any CPU
		{072BD8BE-4078-4F0F-B158-6880AA7B184B}.Release|Any CPU.ActiveCfg = Release|Any CPU
		{072BD8BE-4078-4F0F-B158-6880AA7B184B}.Release|Any CPU.Build.0 = Release|Any CPU
	EndGlobalSection
	GlobalSection(SolutionProperties) = preSolution
		HideSolutionNode = FALSE
	EndGlobalSection
	GlobalSection(ExtensibilityGlobals) = postSolution
		SolutionGuid = {C53F0FFC-9BFC-4C08-975C-C5CBE5B1888E}
	EndGlobalSection
EndGlobal
