
Microsoft Visual Studio Solution File, Format Version 12.00
# Visual Studio 15
VisualStudioVersion = 15.0.27130.2027
MinimumVisualStudioVersion = 10.0.40219.1
Project("{9A19103F-16F7-4668-BE54-9A1E7A4F7556}") = "Trinity.Client", "Trinity.Client\Trinity.Client.csproj", "{3D6DA1D3-C437-416C-9C73-8DAC07FC472B}"
EndProject
Project("{9A19103F-16F7-4668-BE54-9A1E7A4F7556}") = "Trinity.Client.TestClient", "Trinity.Client.TestClient\Trinity.Client.TestClient.csproj", "{6623DF4B-D77E-4967-A0A1-1D5F44F8EDDD}"
EndProject
Project("{9A19103F-16F7-4668-BE54-9A1E7A4F7556}") = "Trinity.Client.TestProtocols", "Trinity.Client.TestProtocols\Trinity.Client.TestProtocols.csproj", "{BF3C0F3B-7BC9-40E2-BD17-947C338EEC1E}"
EndProject
Project("{9A19103F-16F7-4668-BE54-9A1E7A4F7556}") = "Trinity.Client.TestServer", "Trinity.Client.TestServer\Trinity.Client.TestServer.csproj", "{072BD8BE-4078-4F0F-B158-6880AA7B184B}"
EndProject
Project("{FAE04EC0-301F-11D3-BF4B-00C04F79EFBC}") = "Trinity.WPF.Test.Protocols", "Trinity.WPF.Test.Protocols\Trinity.WPF.Test.Protocols.csproj", "{F55F1870-B54C-40FE-8DBA-8DE9ED476B55}"
EndProject
Project("{FAE04EC0-301F-11D3-BF4B-00C04F79EFBC}") = "Trinity.GE.WPF.TestFacility", "Trinity WPF.TestClient\Trinity.WPF.ClientProtoType\Trinity.GE.WPF.TestFacility.csproj", "{F703EE19-2D1D-4C3C-B1AC-930A46F44A8C}"
EndProject
Project("{2150E333-8FDC-42A3-9474-1A3956D46DE8}") = "Trinity GE WPF Testing Facility", "Trinity GE WPF Testing Facility", "{563F1C9C-5759-47D9-8B53-1631D8645275}"
EndProject
Project("{2150E333-8FDC-42A3-9474-1A3956D46DE8}") = "ServiceLocator for CastleWindsor Adapter", "ServiceLocator for CastleWindsor Adapter", "{61E4DAC6-F896-4D7F-94A3-AD9227D65A47}"
EndProject
Project("{2150E333-8FDC-42A3-9474-1A3956D46DE8}") = "GE WPF TestFacility Infrastructure", "GE WPF TestFacility Infrastructure", "{86BE1CBD-003E-4AAB-A531-8673F52B5229}"
EndProject
Project("{FAE04EC0-301F-11D3-BF4B-00C04F79EFBC}") = "Trinity.GE.WPF.UI.Infrastructure", "UI Infrastructure\Trinity.GE.WPF.UI.Infrastructure\Trinity.GE.WPF.UI.Infrastructure.csproj", "{E22B7A0B-6120-427E-94C2-955724D0178A}"
EndProject
Project("{FAE04EC0-301F-11D3-BF4B-00C04F79EFBC}") = "UI.CastleWindsorAdapter.ServiceLocator", "UI WPF ServiceLocator\UI.CastleWindsorAdapter.ServiceLocator\UI.CastleWindsorAdapter.ServiceLocator.csproj", "{772C5F8D-266C-4DAA-B7AF-91A99DBDE1AF}"
EndProject
Global
	GlobalSection(SolutionConfigurationPlatforms) = preSolution
		Debug|Any CPU = Debug|Any CPU
		Release|Any CPU = Release|Any CPU
	EndGlobalSection
	GlobalSection(ProjectConfigurationPlatforms) = postSolution
		{3D6DA1D3-C437-416C-9C73-8DAC07FC472B}.Debug|Any CPU.ActiveCfg = Debug|Any CPU
		{3D6DA1D3-C437-416C-9C73-8DAC07FC472B}.Debug|Any CPU.Build.0 = Debug|Any CPU
		{3D6DA1D3-C437-416C-9C73-8DAC07FC472B}.Release|Any CPU.ActiveCfg = Release|Any CPU
		{3D6DA1D3-C437-416C-9C73-8DAC07FC472B}.Release|Any CPU.Build.0 = Release|Any CPU
		{6623DF4B-D77E-4967-A0A1-1D5F44F8EDDD}.Debug|Any CPU.ActiveCfg = Debug|Any CPU
		{6623DF4B-D77E-4967-A0A1-1D5F44F8EDDD}.Debug|Any CPU.Build.0 = Debug|Any CPU
		{6623DF4B-D77E-4967-A0A1-1D5F44F8EDDD}.Release|Any CPU.ActiveCfg = Release|Any CPU
		{6623DF4B-D77E-4967-A0A1-1D5F44F8EDDD}.Release|Any CPU.Build.0 = Release|Any CPU
		{BF3C0F3B-7BC9-40E2-BD17-947C338EEC1E}.Debug|Any CPU.ActiveCfg = Debug|Any CPU
		{BF3C0F3B-7BC9-40E2-BD17-947C338EEC1E}.Debug|Any CPU.Build.0 = Debug|Any CPU
		{BF3C0F3B-7BC9-40E2-BD17-947C338EEC1E}.Release|Any CPU.ActiveCfg = Release|Any CPU
		{BF3C0F3B-7BC9-40E2-BD17-947C338EEC1E}.Release|Any CPU.Build.0 = Release|Any CPU
		{072BD8BE-4078-4F0F-B158-6880AA7B184B}.Debug|Any CPU.ActiveCfg = Debug|Any CPU
		{072BD8BE-4078-4F0F-B158-6880AA7B184B}.Debug|Any CPU.Build.0 = Debug|Any CPU
		{072BD8BE-4078-4F0F-B158-6880AA7B184B}.Release|Any CPU.ActiveCfg = Release|Any CPU
		{072BD8BE-4078-4F0F-B158-6880AA7B184B}.Release|Any CPU.Build.0 = Release|Any CPU
		{F55F1870-B54C-40FE-8DBA-8DE9ED476B55}.Debug|Any CPU.ActiveCfg = Debug|Any CPU
		{F55F1870-B54C-40FE-8DBA-8DE9ED476B55}.Debug|Any CPU.Build.0 = Debug|Any CPU
		{F55F1870-B54C-40FE-8DBA-8DE9ED476B55}.Release|Any CPU.ActiveCfg = Release|Any CPU
		{F55F1870-B54C-40FE-8DBA-8DE9ED476B55}.Release|Any CPU.Build.0 = Release|Any CPU
		{F703EE19-2D1D-4C3C-B1AC-930A46F44A8C}.Debug|Any CPU.ActiveCfg = Debug|Any CPU
		{F703EE19-2D1D-4C3C-B1AC-930A46F44A8C}.Debug|Any CPU.Build.0 = Debug|Any CPU
		{F703EE19-2D1D-4C3C-B1AC-930A46F44A8C}.Release|Any CPU.ActiveCfg = Release|Any CPU
		{F703EE19-2D1D-4C3C-B1AC-930A46F44A8C}.Release|Any CPU.Build.0 = Release|Any CPU
		{E22B7A0B-6120-427E-94C2-955724D0178A}.Debug|Any CPU.ActiveCfg = Debug|Any CPU
		{E22B7A0B-6120-427E-94C2-955724D0178A}.Debug|Any CPU.Build.0 = Debug|Any CPU
		{E22B7A0B-6120-427E-94C2-955724D0178A}.Release|Any CPU.ActiveCfg = Release|Any CPU
		{E22B7A0B-6120-427E-94C2-955724D0178A}.Release|Any CPU.Build.0 = Release|Any CPU
		{772C5F8D-266C-4DAA-B7AF-91A99DBDE1AF}.Debug|Any CPU.ActiveCfg = Debug|Any CPU
		{772C5F8D-266C-4DAA-B7AF-91A99DBDE1AF}.Debug|Any CPU.Build.0 = Debug|Any CPU
		{772C5F8D-266C-4DAA-B7AF-91A99DBDE1AF}.Release|Any CPU.ActiveCfg = Release|Any CPU
		{772C5F8D-266C-4DAA-B7AF-91A99DBDE1AF}.Release|Any CPU.Build.0 = Release|Any CPU
	EndGlobalSection
	GlobalSection(SolutionProperties) = preSolution
		HideSolutionNode = FALSE
	EndGlobalSection
	GlobalSection(NestedProjects) = preSolution
		{F55F1870-B54C-40FE-8DBA-8DE9ED476B55} = {563F1C9C-5759-47D9-8B53-1631D8645275}
		{F703EE19-2D1D-4C3C-B1AC-930A46F44A8C} = {563F1C9C-5759-47D9-8B53-1631D8645275}
		{E22B7A0B-6120-427E-94C2-955724D0178A} = {86BE1CBD-003E-4AAB-A531-8673F52B5229}
		{772C5F8D-266C-4DAA-B7AF-91A99DBDE1AF} = {61E4DAC6-F896-4D7F-94A3-AD9227D65A47}
	EndGlobalSection
	GlobalSection(ExtensibilityGlobals) = postSolution
		SolutionGuid = {C53F0FFC-9BFC-4C08-975C-C5CBE5B1888E}
	EndGlobalSection
EndGlobal
