
Microsoft Visual Studio Solution File, Format Version 12.00
# Visual Studio 15
VisualStudioVersion = 15.0.27130.2036
MinimumVisualStudioVersion = 10.0.40219.1
Project("{9A19103F-16F7-4668-BE54-9A1E7A4F7556}") = "Trinity.FFI", "Trinity.FFI\Trinity.FFI.csproj", "{BA71DB0A-EFDF-44AF-95AE-0583CEAEBD2A}"
EndProject
Project("{9A19103F-16F7-4668-BE54-9A1E7A4F7556}") = "Trinity.FFI.UnitTests", "Trinity.FFI.UnitTests\Trinity.FFI.UnitTests.csproj", "{82DBC14A-6EAC-44A8-827D-41298ED29A2B}"
EndProject
Project("{9A19103F-16F7-4668-BE54-9A1E7A4F7556}") = "Trinity.FFI.AutoCode", "Trinity.FFI.AutoCode\Trinity.FFI.AutoCode.csproj", "{23CA7B91-B2CF-4026-8417-0120DE1651C2}"
EndProject
Project("{6EC3EE1D-3C4E-46DD-8F32-0CC8E7565705}") = "Trinity.FFI.Metagen", "Trinity.FFI.Metagen\Trinity.FFI.Metagen.fsproj", "{1363F289-2AF8-46F7-97BD-82E36E379F2E}"
EndProject
Project("{9A19103F-16F7-4668-BE54-9A1E7A4F7556}") = "Trinity.FFI.Metagen.UnitTests", "Trinity.FFI.Metagen.UnitTests\Trinity.FFI.Metagen.UnitTests.csproj", "{B27032C1-342B-40E1-AB59-E33E73EA8B70}"
EndProject
Project("{2150E333-8FDC-42A3-9474-1A3956D46DE8}") = "Trinity.FFI.Native", "Trinity.FFI.Native", "{93885BC8-3A7E-4FD0-B585-CBE0754FB02A}"
	ProjectSection(SolutionItems) = preProject
		Trinity.FFI.Native\CMakeLists.txt = Trinity.FFI.Native\CMakeLists.txt
		Trinity.FFI.Native\swig_accessor.cpp = Trinity.FFI.Native\swig_accessor.cpp
		Trinity.FFI.Native\swig_accessor.h = Trinity.FFI.Native\swig_accessor.h
		Trinity.FFI.Native\Trinity.FFI.Native.cpp = Trinity.FFI.Native\Trinity.FFI.Native.cpp
		Trinity.FFI.Native\Trinity.FFI.Native.h = Trinity.FFI.Native\Trinity.FFI.Native.h
		Trinity.FFI.Native\Trinity.FFI.SWIG.h = Trinity.FFI.Native\Trinity.FFI.SWIG.h
		Trinity.FFI.Native\Trinity.FFI.SWIG.i = Trinity.FFI.Native\Trinity.FFI.SWIG.i
	EndProjectSection
EndProject
Project("{2150E333-8FDC-42A3-9474-1A3956D46DE8}") = "Trinity.FFI.Python", "Trinity.FFI.Python", "{336BC02A-E897-4C60-80F3-FEFF5A7435C9}"
	ProjectSection(SolutionItems) = preProject
		Trinity.FFI.Python\CMakeLists.txt = Trinity.FFI.Python\CMakeLists.txt
		Trinity.FFI.Python\ge_unittest.py = Trinity.FFI.Python\ge_unittest.py
		Trinity.FFI.Python\howto.md = Trinity.FFI.Python\howto.md
		Trinity.FFI.Python\next_version = Trinity.FFI.Python\next_version
		Trinity.FFI.Python\README.md = Trinity.FFI.Python\README.md
		Trinity.FFI.Python\README.rst = Trinity.FFI.Python\README.rst
		Trinity.FFI.Python\requirement.txt = Trinity.FFI.Python\requirement.txt
		Trinity.FFI.Python\setup.py.in = Trinity.FFI.Python\setup.py.in
		Trinity.FFI.Python\text = Trinity.FFI.Python\text
	EndProjectSection
EndProject
Project("{2150E333-8FDC-42A3-9474-1A3956D46DE8}") = "GraphEngine", "GraphEngine", "{DD13E42E-6B06-4736-A34F-1ADA9227990E}"
	ProjectSection(SolutionItems) = preProject
		Trinity.FFI.Python\GraphEngine\__init__.py = Trinity.FFI.Python\GraphEngine\__init__.py
		Trinity.FFI.Python\GraphEngine\err.py = Trinity.FFI.Python\GraphEngine\err.py
		Trinity.FFI.Python\GraphEngine\ffi.py = Trinity.FFI.Python\GraphEngine\ffi.py
		Trinity.FFI.Python\GraphEngine\utils.py = Trinity.FFI.Python\GraphEngine\utils.py
	EndProjectSection
EndProject
Project("{2150E333-8FDC-42A3-9474-1A3956D46DE8}") = "DotNet", "DotNet", "{B10EFBAC-BB9D-46C1-B964-9DEBA143560C}"
	ProjectSection(SolutionItems) = preProject
		Trinity.FFI.Python\GraphEngine\DotNet\__init__.py = Trinity.FFI.Python\GraphEngine\DotNet\__init__.py
		Trinity.FFI.Python\GraphEngine\DotNet\dep.py = Trinity.FFI.Python\GraphEngine\DotNet\dep.py
		Trinity.FFI.Python\GraphEngine\DotNet\Dependencies.csproj = Trinity.FFI.Python\GraphEngine\DotNet\Dependencies.csproj
		Trinity.FFI.Python\GraphEngine\DotNet\env.py = Trinity.FFI.Python\GraphEngine\DotNet\env.py
		Trinity.FFI.Python\GraphEngine\DotNet\lib.py = Trinity.FFI.Python\GraphEngine\DotNet\lib.py
		Trinity.FFI.Python\GraphEngine\DotNet\setup.py = Trinity.FFI.Python\GraphEngine\DotNet\setup.py
	EndProjectSection
EndProject
Project("{2150E333-8FDC-42A3-9474-1A3956D46DE8}") = "TSL", "TSL", "{FCA4FBFC-733F-46A8-91F4-08732DCF92D3}"
	ProjectSection(SolutionItems) = preProject
		Trinity.FFI.Python\GraphEngine\TSL\__init__.py = Trinity.FFI.Python\GraphEngine\TSL\__init__.py
		Trinity.FFI.Python\GraphEngine\TSL\mangling.py = Trinity.FFI.Python\GraphEngine\TSL\mangling.py
		Trinity.FFI.Python\GraphEngine\TSL\method_export.py = Trinity.FFI.Python\GraphEngine\TSL\method_export.py
		Trinity.FFI.Python\GraphEngine\TSL\type_factory.py = Trinity.FFI.Python\GraphEngine\TSL\type_factory.py
		Trinity.FFI.Python\GraphEngine\TSL\type_map.py = Trinity.FFI.Python\GraphEngine\TSL\type_map.py
		Trinity.FFI.Python\GraphEngine\TSL\type_spec.py = Trinity.FFI.Python\GraphEngine\TSL\type_spec.py
		Trinity.FFI.Python\GraphEngine\TSL\type_sys.py = Trinity.FFI.Python\GraphEngine\TSL\type_sys.py
		Trinity.FFI.Python\GraphEngine\TSL\type_verbs.py = Trinity.FFI.Python\GraphEngine\TSL\type_verbs.py
	EndProjectSection
EndProject
Project("{2150E333-8FDC-42A3-9474-1A3956D46DE8}") = "type", "type", "{F6E86A1A-B5CC-4008-A5FF-91309F97EFE5}"
	ProjectSection(SolutionItems) = preProject
		Trinity.FFI.Python\GraphEngine\TSL\type\__init__.py = Trinity.FFI.Python\GraphEngine\TSL\type\__init__.py
		Trinity.FFI.Python\GraphEngine\TSL\type\_system.py = Trinity.FFI.Python\GraphEngine\TSL\type\_system.py
		Trinity.FFI.Python\GraphEngine\TSL\type\factory.py = Trinity.FFI.Python\GraphEngine\TSL\type\factory.py
		Trinity.FFI.Python\GraphEngine\TSL\type\mangling.py = Trinity.FFI.Python\GraphEngine\TSL\type\mangling.py
		Trinity.FFI.Python\GraphEngine\TSL\type\method_export.py = Trinity.FFI.Python\GraphEngine\TSL\type\method_export.py
		Trinity.FFI.Python\GraphEngine\TSL\type\spec.py = Trinity.FFI.Python\GraphEngine\TSL\type\spec.py
		Trinity.FFI.Python\GraphEngine\TSL\type\system.py = Trinity.FFI.Python\GraphEngine\TSL\type\system.py
	EndProjectSection
EndProject
Project("{FAE04EC0-301F-11D3-BF4B-00C04F79EFBC}") = "BinaryPlayGround", "BinaryPlayGround\BinaryPlayGround.csproj", "{C5C63B76-F4C8-485D-BA71-C283EB57E890}"
EndProject
Global
	GlobalSection(SolutionConfigurationPlatforms) = preSolution
		Debug|Any CPU = Debug|Any CPU
		Release|Any CPU = Release|Any CPU
	EndGlobalSection
	GlobalSection(ProjectConfigurationPlatforms) = postSolution
		{BA71DB0A-EFDF-44AF-95AE-0583CEAEBD2A}.Debug|Any CPU.ActiveCfg = Debug|Any CPU
		{BA71DB0A-EFDF-44AF-95AE-0583CEAEBD2A}.Debug|Any CPU.Build.0 = Debug|Any CPU
		{BA71DB0A-EFDF-44AF-95AE-0583CEAEBD2A}.Release|Any CPU.ActiveCfg = Release|Any CPU
		{BA71DB0A-EFDF-44AF-95AE-0583CEAEBD2A}.Release|Any CPU.Build.0 = Release|Any CPU
		{82DBC14A-6EAC-44A8-827D-41298ED29A2B}.Debug|Any CPU.ActiveCfg = Debug|Any CPU
		{82DBC14A-6EAC-44A8-827D-41298ED29A2B}.Debug|Any CPU.Build.0 = Debug|Any CPU
		{82DBC14A-6EAC-44A8-827D-41298ED29A2B}.Release|Any CPU.ActiveCfg = Release|Any CPU
		{82DBC14A-6EAC-44A8-827D-41298ED29A2B}.Release|Any CPU.Build.0 = Release|Any CPU
		{23CA7B91-B2CF-4026-8417-0120DE1651C2}.Debug|Any CPU.ActiveCfg = Debug|Any CPU
		{23CA7B91-B2CF-4026-8417-0120DE1651C2}.Debug|Any CPU.Build.0 = Debug|Any CPU
		{23CA7B91-B2CF-4026-8417-0120DE1651C2}.Release|Any CPU.ActiveCfg = Release|Any CPU
		{23CA7B91-B2CF-4026-8417-0120DE1651C2}.Release|Any CPU.Build.0 = Release|Any CPU
		{1363F289-2AF8-46F7-97BD-82E36E379F2E}.Debug|Any CPU.ActiveCfg = Debug|Any CPU
		{1363F289-2AF8-46F7-97BD-82E36E379F2E}.Debug|Any CPU.Build.0 = Debug|Any CPU
		{1363F289-2AF8-46F7-97BD-82E36E379F2E}.Release|Any CPU.ActiveCfg = Release|Any CPU
		{1363F289-2AF8-46F7-97BD-82E36E379F2E}.Release|Any CPU.Build.0 = Release|Any CPU
		{B27032C1-342B-40E1-AB59-E33E73EA8B70}.Debug|Any CPU.ActiveCfg = Debug|Any CPU
		{B27032C1-342B-40E1-AB59-E33E73EA8B70}.Debug|Any CPU.Build.0 = Debug|Any CPU
		{B27032C1-342B-40E1-AB59-E33E73EA8B70}.Release|Any CPU.ActiveCfg = Release|Any CPU
		{B27032C1-342B-40E1-AB59-E33E73EA8B70}.Release|Any CPU.Build.0 = Release|Any CPU
		{C5C63B76-F4C8-485D-BA71-C283EB57E890}.Debug|Any CPU.ActiveCfg = Debug|Any CPU
		{C5C63B76-F4C8-485D-BA71-C283EB57E890}.Debug|Any CPU.Build.0 = Debug|Any CPU
		{C5C63B76-F4C8-485D-BA71-C283EB57E890}.Release|Any CPU.ActiveCfg = Release|Any CPU
		{C5C63B76-F4C8-485D-BA71-C283EB57E890}.Release|Any CPU.Build.0 = Release|Any CPU
	EndGlobalSection
	GlobalSection(SolutionProperties) = preSolution
		HideSolutionNode = FALSE
	EndGlobalSection
	GlobalSection(NestedProjects) = preSolution
		{DD13E42E-6B06-4736-A34F-1ADA9227990E} = {336BC02A-E897-4C60-80F3-FEFF5A7435C9}
		{B10EFBAC-BB9D-46C1-B964-9DEBA143560C} = {DD13E42E-6B06-4736-A34F-1ADA9227990E}
		{FCA4FBFC-733F-46A8-91F4-08732DCF92D3} = {DD13E42E-6B06-4736-A34F-1ADA9227990E}
		{F6E86A1A-B5CC-4008-A5FF-91309F97EFE5} = {FCA4FBFC-733F-46A8-91F4-08732DCF92D3}
	EndGlobalSection
	GlobalSection(ExtensibilityGlobals) = postSolution
		SolutionGuid = {5131A755-7096-435E-B891-878D92AB8A15}
	EndGlobalSection
EndGlobal
