
Microsoft Visual Studio Solution File, Format Version 12.00
# Visual Studio 15
VisualStudioVersion = 15.0.27130.2036
MinimumVisualStudioVersion = 10.0.40219.1
Project("{9A19103F-16F7-4668-BE54-9A1E7A4F7556}") = "Trinity.FFI", "Trinity.FFI\Trinity.FFI.csproj", "{BA71DB0A-EFDF-44AF-95AE-0583CEAEBD2A}"
EndProject
Project("{9A19103F-16F7-4668-BE54-9A1E7A4F7556}") = "Trinity.FFI.UnitTests", "Trinity.FFI.UnitTests\Trinity.FFI.UnitTests.csproj", "{82DBC14A-6EAC-44A8-827D-41298ED29A2B}"
EndProject
Project("{9A19103F-16F7-4668-BE54-9A1E7A4F7556}") = "Trinity.FFI.Python", "Trinity.FFI.Python\Trinity.FFI.Python.csproj", "{DF46ABD1-835D-4DD9-82D5-565A2263E89B}"
EndProject
Project("{9A19103F-16F7-4668-BE54-9A1E7A4F7556}") = "Trinity.FFI.AutoCode", "Trinity.FFI.AutoCode\Trinity.FFI.AutoCode.csproj", "{23CA7B91-B2CF-4026-8417-0120DE1651C2}"
EndProject
Project("{6EC3EE1D-3C4E-46DD-8F32-0CC8E7565705}") = "Trinity.FFI.Metagen", "Trinity.FFI.Metagen\Trinity.FFI.Metagen.fsproj", "{1363F289-2AF8-46F7-97BD-82E36E379F2E}"
EndProject
Project("{9A19103F-16F7-4668-BE54-9A1E7A4F7556}") = "Trinity.FFI.Metagen.UnitTests", "Trinity.FFI.Metagen.UnitTests\Trinity.FFI.Metagen.UnitTests.csproj", "{B27032C1-342B-40E1-AB59-E33E73EA8B70}"
EndProject
Global
	GlobalSection(SolutionConfigurationPlatforms) = preSolution
		Debug|Any CPU = Debug|Any CPU
		Release|Any CPU = Release|Any CPU
	EndGlobalSection
	GlobalSection(ProjectConfigurationPlatforms) = postSolution
		{BA71DB0A-EFDF-44AF-95AE-0583CEAEBD2A}.Debug|Any CPU.ActiveCfg = Debug|Any CPU
		{BA71DB0A-EFDF-44AF-95AE-0583CEAEBD2A}.Debug|Any CPU.Build.0 = Debug|Any CPU
		{BA71DB0A-EFDF-44AF-95AE-0583CEAEBD2A}.Release|Any CPU.ActiveCfg = Release|Any CPU
		{BA71DB0A-EFDF-44AF-95AE-0583CEAEBD2A}.Release|Any CPU.Build.0 = Release|Any CPU
		{82DBC14A-6EAC-44A8-827D-41298ED29A2B}.Debug|Any CPU.ActiveCfg = Debug|Any CPU
		{82DBC14A-6EAC-44A8-827D-41298ED29A2B}.Debug|Any CPU.Build.0 = Debug|Any CPU
		{82DBC14A-6EAC-44A8-827D-41298ED29A2B}.Release|Any CPU.ActiveCfg = Release|Any CPU
		{82DBC14A-6EAC-44A8-827D-41298ED29A2B}.Release|Any CPU.Build.0 = Release|Any CPU
		{DF46ABD1-835D-4DD9-82D5-565A2263E89B}.Debug|Any CPU.ActiveCfg = Debug|Any CPU
		{DF46ABD1-835D-4DD9-82D5-565A2263E89B}.Debug|Any CPU.Build.0 = Debug|Any CPU
		{DF46ABD1-835D-4DD9-82D5-565A2263E89B}.Release|Any CPU.ActiveCfg = Release|Any CPU
		{DF46ABD1-835D-4DD9-82D5-565A2263E89B}.Release|Any CPU.Build.0 = Release|Any CPU
		{23CA7B91-B2CF-4026-8417-0120DE1651C2}.Debug|Any CPU.ActiveCfg = Debug|Any CPU
		{23CA7B91-B2CF-4026-8417-0120DE1651C2}.Debug|Any CPU.Build.0 = Debug|Any CPU
		{23CA7B91-B2CF-4026-8417-0120DE1651C2}.Release|Any CPU.ActiveCfg = Release|Any CPU
		{23CA7B91-B2CF-4026-8417-0120DE1651C2}.Release|Any CPU.Build.0 = Release|Any CPU
		{1363F289-2AF8-46F7-97BD-82E36E379F2E}.Debug|Any CPU.ActiveCfg = Debug|Any CPU
		{1363F289-2AF8-46F7-97BD-82E36E379F2E}.Debug|Any CPU.Build.0 = Debug|Any CPU
		{1363F289-2AF8-46F7-97BD-82E36E379F2E}.Release|Any CPU.ActiveCfg = Release|Any CPU
		{1363F289-2AF8-46F7-97BD-82E36E379F2E}.Release|Any CPU.Build.0 = Release|Any CPU
		{B27032C1-342B-40E1-AB59-E33E73EA8B70}.Debug|Any CPU.ActiveCfg = Debug|Any CPU
		{B27032C1-342B-40E1-AB59-E33E73EA8B70}.Debug|Any CPU.Build.0 = Debug|Any CPU
		{B27032C1-342B-40E1-AB59-E33E73EA8B70}.Release|Any CPU.ActiveCfg = Release|Any CPU
		{B27032C1-342B-40E1-AB59-E33E73EA8B70}.Release|Any CPU.Build.0 = Release|Any CPU
	EndGlobalSection
	GlobalSection(SolutionProperties) = preSolution
		HideSolutionNode = FALSE
	EndGlobalSection
	GlobalSection(ExtensibilityGlobals) = postSolution
		SolutionGuid = {5131A755-7096-435E-B891-878D92AB8A15}
	EndGlobalSection
EndGlobal
