
Microsoft Visual Studio Solution File, Format Version 12.00
# Visual Studio 15
VisualStudioVersion = 15.0.27004.2009
MinimumVisualStudioVersion = 10.0.40219.1
Project("{9A19103F-16F7-4668-BE54-9A1E7A4F7556}") = "Trinity.Core.NetCore", "Trinity.Core.NetCore.csproj", "{2D2715A2-757B-4064-A47D-9251FD2E96B3}"
EndProject
Global
	GlobalSection(SolutionConfigurationPlatforms) = preSolution
		Debug|Any CPU = Debug|Any CPU
		Release|Any CPU = Release|Any CPU
	EndGlobalSection
	GlobalSection(ProjectConfigurationPlatforms) = postSolution
		{2D2715A2-757B-4064-A47D-9251FD2E96B3}.Debug|Any CPU.ActiveCfg = Debug|Any CPU
		{2D2715A2-757B-4064-A47D-9251FD2E96B3}.Debug|Any CPU.Build.0 = Debug|Any CPU
		{2D2715A2-757B-4064-A47D-9251FD2E96B3}.Release|Any CPU.ActiveCfg = Release|Any CPU
		{2D2715A2-757B-4064-A47D-9251FD2E96B3}.Release|Any CPU.Build.0 = Release|Any CPU
	EndGlobalSection
	GlobalSection(SolutionProperties) = preSolution
		HideSolutionNode = FALSE
	EndGlobalSection
	GlobalSection(ExtensibilityGlobals) = postSolution
		SolutionGuid = {05812251-0CF7-4A00-9260-5CCA003D5BDD}
	EndGlobalSection
EndGlobal
