
Microsoft Visual Studio Solution File, Format Version 12.00
# Visual Studio 15
VisualStudioVersion = 15.0.27703.2047
MinimumVisualStudioVersion = 10.0.40219.1
Project("{9A19103F-16F7-4668-BE54-9A1E7A4F7556}") = "Trinity.Core", "Trinity.Core.csproj", "{261DDE2F-D20F-4292-A476-B81C3B50A3DE}"
EndProject
Global
	GlobalSection(SolutionConfigurationPlatforms) = preSolution
		Debug|Any CPU = Debug|Any CPU
		Release|Any CPU = Release|Any CPU
	EndGlobalSection
	GlobalSection(ProjectConfigurationPlatforms) = postSolution
		{261DDE2F-D20F-4292-A476-B81C3B50A3DE}.Debug|Any CPU.ActiveCfg = Debug|Any CPU
		{261DDE2F-D20F-4292-A476-B81C3B50A3DE}.Debug|Any CPU.Build.0 = Debug|Any CPU
		{261DDE2F-D20F-4292-A476-B81C3B50A3DE}.Release|Any CPU.ActiveCfg = Release|Any CPU
		{261DDE2F-D20F-4292-A476-B81C3B50A3DE}.Release|Any CPU.Build.0 = Release|Any CPU
	EndGlobalSection
	GlobalSection(SolutionProperties) = preSolution
		HideSolutionNode = FALSE
	EndGlobalSection
	GlobalSection(ExtensibilityGlobals) = postSolution
		SolutionGuid = {80B43DFA-CF94-4ACB-9E3C-1033F15CC9D8}
	EndGlobalSection
EndGlobal
