
Microsoft Visual Studio Solution File, Format Version 12.00
# Visual Studio 15
VisualStudioVersion = 15.0.28010.2036
MinimumVisualStudioVersion = 10.0.40219.1
Project("{9A19103F-16F7-4668-BE54-9A1E7A4F7556}") = "Trinity.TSL.CodeTemplates", "Trinity.TSL.CodeTemplates.csproj", "{771776FC-923B-49B7-AF6E-E15DCFAC4EE2}"
EndProject
Project("{9A19103F-16F7-4668-BE54-9A1E7A4F7556}") = "Trinity.Core", "..\..\Trinity.Core\Trinity.Core.csproj", "{9F5249DD-C4DC-4571-885E-5D286F6CBAE5}"
EndProject
Global
	GlobalSection(SolutionConfigurationPlatforms) = preSolution
		Debug|Any CPU = Debug|Any CPU
		Release|Any CPU = Release|Any CPU
	EndGlobalSection
	GlobalSection(ProjectConfigurationPlatforms) = postSolution
		{771776FC-923B-49B7-AF6E-E15DCFAC4EE2}.Debug|Any CPU.ActiveCfg = Debug|Any CPU
		{771776FC-923B-49B7-AF6E-E15DCFAC4EE2}.Debug|Any CPU.Build.0 = Debug|Any CPU
		{771776FC-923B-49B7-AF6E-E15DCFAC4EE2}.Release|Any CPU.ActiveCfg = Release|Any CPU
		{771776FC-923B-49B7-AF6E-E15DCFAC4EE2}.Release|Any CPU.Build.0 = Release|Any CPU
		{9F5249DD-C4DC-4571-885E-5D286F6CBAE5}.Debug|Any CPU.ActiveCfg = Debug|Any CPU
		{9F5249DD-C4DC-4571-885E-5D286F6CBAE5}.Debug|Any CPU.Build.0 = Debug|Any CPU
		{9F5249DD-C4DC-4571-885E-5D286F6CBAE5}.Release|Any CPU.ActiveCfg = Release|Any CPU
		{9F5249DD-C4DC-4571-885E-5D286F6CBAE5}.Release|Any CPU.Build.0 = Release|Any CPU
	EndGlobalSection
	GlobalSection(SolutionProperties) = preSolution
		HideSolutionNode = FALSE
	EndGlobalSection
	GlobalSection(ExtensibilityGlobals) = postSolution
		SolutionGuid = {E9660D94-F2CE-47CA-A5C9-7DE9F92597D0}
	EndGlobalSection
EndGlobal
