
Microsoft Visual Studio Solution File, Format Version 12.00
# Visual Studio 15
VisualStudioVersion = 15.0.27130.2010
MinimumVisualStudioVersion = 10.0.40219.1
Project("{9A19103F-16F7-4668-BE54-9A1E7A4F7556}") = "Trinity.ServiceFabric.Client", "Trinity.ServiceFabric.Client\Trinity.ServiceFabric.Client.csproj", "{F0E8534E-0F31-49F5-B2C5-B68EF9CE9137}"
EndProject
Project("{9A19103F-16F7-4668-BE54-9A1E7A4F7556}") = "Trinity.ServiceFabric.Infrastructure", "Trinity.ServiceFabric.Infrastructure\Trinity.ServiceFabric.Infrastructure.csproj", "{1C1B605C-403D-44D7-A52C-C994F7ACAE59}"
EndProject
Project("{9A19103F-16F7-4668-BE54-9A1E7A4F7556}") = "Trinity.ServiceFabric.Listeners", "Trinity.ServiceFabric.Listeners\Trinity.ServiceFabric.Listeners.csproj", "{437FAA05-3CC2-4DE3-9BF3-AFC3908AF5B5}"
EndProject
Project("{FAE04EC0-301F-11D3-BF4B-00C04F79EFBC}") = "Trinity.ServiceFabric.GraphEngineService", "Trinity.ServiceFabric.GraphEngineService\Trinity.ServiceFabric.GraphEngineService.csproj", "{3299B302-8F94-4DB7-9331-F53F41E3E2AB}"
EndProject
Project("{A07B5EB6-E848-4116-A8D0-A826331D98C6}") = "Trinity.ServiceFabric.SmokeTest", "Trinity.ServiceFabric.SmokeTest\Trinity.ServiceFabric.SmokeTest.sfproj", "{0F44632E-1A7F-463F-954C-A84A7B1A4F69}"
EndProject
Global
	GlobalSection(SolutionConfigurationPlatforms) = preSolution
		Debug|Any CPU = Debug|Any CPU
		Debug|x64 = Debug|x64
		Release|Any CPU = Release|Any CPU
		Release|x64 = Release|x64
	EndGlobalSection
	GlobalSection(ProjectConfigurationPlatforms) = postSolution
		{F0E8534E-0F31-49F5-B2C5-B68EF9CE9137}.Debug|Any CPU.ActiveCfg = Debug|Any CPU
		{F0E8534E-0F31-49F5-B2C5-B68EF9CE9137}.Debug|Any CPU.Build.0 = Debug|Any CPU
		{F0E8534E-0F31-49F5-B2C5-B68EF9CE9137}.Debug|x64.ActiveCfg = Debug|Any CPU
		{F0E8534E-0F31-49F5-B2C5-B68EF9CE9137}.Debug|x64.Build.0 = Debug|Any CPU
		{F0E8534E-0F31-49F5-B2C5-B68EF9CE9137}.Release|Any CPU.ActiveCfg = Release|Any CPU
		{F0E8534E-0F31-49F5-B2C5-B68EF9CE9137}.Release|Any CPU.Build.0 = Release|Any CPU
		{F0E8534E-0F31-49F5-B2C5-B68EF9CE9137}.Release|x64.ActiveCfg = Release|Any CPU
		{F0E8534E-0F31-49F5-B2C5-B68EF9CE9137}.Release|x64.Build.0 = Release|Any CPU
		{1C1B605C-403D-44D7-A52C-C994F7ACAE59}.Debug|Any CPU.ActiveCfg = Debug|Any CPU
		{1C1B605C-403D-44D7-A52C-C994F7ACAE59}.Debug|Any CPU.Build.0 = Debug|Any CPU
		{1C1B605C-403D-44D7-A52C-C994F7ACAE59}.Debug|x64.ActiveCfg = Debug|Any CPU
		{1C1B605C-403D-44D7-A52C-C994F7ACAE59}.Debug|x64.Build.0 = Debug|Any CPU
		{1C1B605C-403D-44D7-A52C-C994F7ACAE59}.Release|Any CPU.ActiveCfg = Release|Any CPU
		{1C1B605C-403D-44D7-A52C-C994F7ACAE59}.Release|Any CPU.Build.0 = Release|Any CPU
		{1C1B605C-403D-44D7-A52C-C994F7ACAE59}.Release|x64.ActiveCfg = Release|Any CPU
		{1C1B605C-403D-44D7-A52C-C994F7ACAE59}.Release|x64.Build.0 = Release|Any CPU
		{437FAA05-3CC2-4DE3-9BF3-AFC3908AF5B5}.Debug|Any CPU.ActiveCfg = Debug|Any CPU
		{437FAA05-3CC2-4DE3-9BF3-AFC3908AF5B5}.Debug|Any CPU.Build.0 = Debug|Any CPU
		{437FAA05-3CC2-4DE3-9BF3-AFC3908AF5B5}.Debug|x64.ActiveCfg = Debug|Any CPU
		{437FAA05-3CC2-4DE3-9BF3-AFC3908AF5B5}.Debug|x64.Build.0 = Debug|Any CPU
		{437FAA05-3CC2-4DE3-9BF3-AFC3908AF5B5}.Release|Any CPU.ActiveCfg = Release|Any CPU
		{437FAA05-3CC2-4DE3-9BF3-AFC3908AF5B5}.Release|Any CPU.Build.0 = Release|Any CPU
		{437FAA05-3CC2-4DE3-9BF3-AFC3908AF5B5}.Release|x64.ActiveCfg = Release|Any CPU
		{437FAA05-3CC2-4DE3-9BF3-AFC3908AF5B5}.Release|x64.Build.0 = Release|Any CPU
		{3299B302-8F94-4DB7-9331-F53F41E3E2AB}.Debug|Any CPU.ActiveCfg = Debug|x64
		{3299B302-8F94-4DB7-9331-F53F41E3E2AB}.Debug|x64.ActiveCfg = Debug|x64
		{3299B302-8F94-4DB7-9331-F53F41E3E2AB}.Debug|x64.Build.0 = Debug|x64
		{3299B302-8F94-4DB7-9331-F53F41E3E2AB}.Release|Any CPU.ActiveCfg = Release|x64
		{3299B302-8F94-4DB7-9331-F53F41E3E2AB}.Release|x64.ActiveCfg = Release|x64
		{3299B302-8F94-4DB7-9331-F53F41E3E2AB}.Release|x64.Build.0 = Release|x64
		{0F44632E-1A7F-463F-954C-A84A7B1A4F69}.Debug|Any CPU.ActiveCfg = Debug|x64
		{0F44632E-1A7F-463F-954C-A84A7B1A4F69}.Debug|x64.ActiveCfg = Debug|x64
		{0F44632E-1A7F-463F-954C-A84A7B1A4F69}.Debug|x64.Build.0 = Debug|x64
		{0F44632E-1A7F-463F-954C-A84A7B1A4F69}.Debug|x64.Deploy.0 = Debug|x64
		{0F44632E-1A7F-463F-954C-A84A7B1A4F69}.Release|Any CPU.ActiveCfg = Release|x64
		{0F44632E-1A7F-463F-954C-A84A7B1A4F69}.Release|x64.ActiveCfg = Release|x64
		{0F44632E-1A7F-463F-954C-A84A7B1A4F69}.Release|x64.Build.0 = Release|x64
		{0F44632E-1A7F-463F-954C-A84A7B1A4F69}.Release|x64.Deploy.0 = Release|x64
	EndGlobalSection
	GlobalSection(SolutionProperties) = preSolution
		HideSolutionNode = FALSE
	EndGlobalSection
	GlobalSection(ExtensibilityGlobals) = postSolution
		SolutionGuid = {9DA4374E-7E56-45CC-9721-7F084B757457}
	EndGlobalSection
EndGlobal
