
Microsoft Visual Studio Solution File, Format Version 12.00
# Visual Studio Version 16
VisualStudioVersion = 16.0.28729.10
MinimumVisualStudioVersion = 10.0.40219.1
Project("{9A19103F-16F7-4668-BE54-9A1E7A4F7556}") = "Trinity.ServiceFabric.Infrastructure", "Trinity.ServiceFabric.Infrastructure\Trinity.ServiceFabric.Infrastructure.csproj", "{1C1B605C-403D-44D7-A52C-C994F7ACAE59}"
EndProject
Project("{9A19103F-16F7-4668-BE54-9A1E7A4F7556}") = "Trinity.ServiceFabric.Remoting", "Trinity.ServiceFabric.Remoting\Trinity.ServiceFabric.Remoting.csproj", "{9DFAE3CC-D446-4A93-984B-F5E0FB840C84}"
EndProject
Project("{2150E333-8FDC-42A3-9474-1A3956D46DE8}") = "Trinity Service Fabric Native Client", "Trinity Service Fabric Native Client", "{480A6A1D-2D08-4D6D-BB45-7DFA88ECBEE7}"
EndProject
Project("{9A19103F-16F7-4668-BE54-9A1E7A4F7556}") = "Trinity.ServiceFabric.NativeClient.Remoting", "Trinity.ServiceFabric.NativeClient.Remoting\Trinity.ServiceFabric.NativeClient.Remoting.csproj", "{2C2668C2-167F-4C7D-A125-96FCEC3AD135}"
EndProject
Project("{2150E333-8FDC-42A3-9474-1A3956D46DE8}") = "Graph Engine to Service Fabic Test Harness", "Graph Engine to Service Fabic Test Harness", "{8E21485E-9CD9-4A2D-902B-D672A3EB4965}"
EndProject
Project("{9A19103F-16F7-4668-BE54-9A1E7A4F7556}") = "Trinity.Client.TestProtocols", "Trinity.Client.TestProtocols\Trinity.Client.TestProtocols.csproj", "{069B53B6-F0DB-419E-ACA3-03AD0482791D}"
EndProject
Project("{A07B5EB6-E848-4116-A8D0-A826331D98C6}") = "Trinity.ServiceFabric.TestHarnes.Application", "Trinity.ServiceFabric.TestHarnes.Application\Trinity.ServiceFabric.TestHarnes.Application.sfproj", "{77080B69-5803-4616-ACB4-F2BA4054E8BF}"
EndProject
Project("{9A19103F-16F7-4668-BE54-9A1E7A4F7556}") = "Trinity.SF.GraphEngineDataService", "Trinity.SF.GraphEngineDataService\Trinity.SF.GraphEngineDataService.csproj", "{82071BE4-608B-4D0E-91CD-983D463232C1}"
EndProject
Project("{9A19103F-16F7-4668-BE54-9A1E7A4F7556}") = "Trinity.SF.GraphEngineRemotingClient", "Trinity.SF.GraphEngineRemotingClient\Trinity.SF.GraphEngineRemotingClient.csproj", "{0EACDCF0-20EF-4915-837C-F443298BDE95}"
EndProject
Global
	GlobalSection(SolutionConfigurationPlatforms) = preSolution
		Debug|Any CPU = Debug|Any CPU
		Debug|x64 = Debug|x64
		Release|Any CPU = Release|Any CPU
		Release|x64 = Release|x64
		RelSkipSFApp|Any CPU = RelSkipSFApp|Any CPU
		RelSkipSFApp|x64 = RelSkipSFApp|x64
	EndGlobalSection
	GlobalSection(ProjectConfigurationPlatforms) = postSolution
		{1C1B605C-403D-44D7-A52C-C994F7ACAE59}.Debug|Any CPU.ActiveCfg = Debug|x64
		{1C1B605C-403D-44D7-A52C-C994F7ACAE59}.Debug|x64.ActiveCfg = Debug|x64
		{1C1B605C-403D-44D7-A52C-C994F7ACAE59}.Debug|x64.Build.0 = Debug|x64
		{1C1B605C-403D-44D7-A52C-C994F7ACAE59}.Release|Any CPU.ActiveCfg = Release|x64
		{1C1B605C-403D-44D7-A52C-C994F7ACAE59}.Release|x64.ActiveCfg = Release|x64
		{1C1B605C-403D-44D7-A52C-C994F7ACAE59}.Release|x64.Build.0 = Release|x64
		{1C1B605C-403D-44D7-A52C-C994F7ACAE59}.RelSkipSFApp|Any CPU.ActiveCfg = Release|x64
		{1C1B605C-403D-44D7-A52C-C994F7ACAE59}.RelSkipSFApp|Any CPU.Build.0 = Release|x64
		{1C1B605C-403D-44D7-A52C-C994F7ACAE59}.RelSkipSFApp|x64.ActiveCfg = Debug|x64
		{1C1B605C-403D-44D7-A52C-C994F7ACAE59}.RelSkipSFApp|x64.Build.0 = Debug|x64
		{9DFAE3CC-D446-4A93-984B-F5E0FB840C84}.Debug|Any CPU.ActiveCfg = Debug|x64
		{9DFAE3CC-D446-4A93-984B-F5E0FB840C84}.Debug|x64.ActiveCfg = Debug|x64
		{9DFAE3CC-D446-4A93-984B-F5E0FB840C84}.Debug|x64.Build.0 = Debug|x64
		{9DFAE3CC-D446-4A93-984B-F5E0FB840C84}.Release|Any CPU.ActiveCfg = Release|x64
		{9DFAE3CC-D446-4A93-984B-F5E0FB840C84}.Release|x64.ActiveCfg = Release|x64
		{9DFAE3CC-D446-4A93-984B-F5E0FB840C84}.Release|x64.Build.0 = Release|x64
		{9DFAE3CC-D446-4A93-984B-F5E0FB840C84}.RelSkipSFApp|Any CPU.ActiveCfg = Release|x64
		{9DFAE3CC-D446-4A93-984B-F5E0FB840C84}.RelSkipSFApp|Any CPU.Build.0 = Release|x64
		{9DFAE3CC-D446-4A93-984B-F5E0FB840C84}.RelSkipSFApp|x64.ActiveCfg = Debug|x64
		{9DFAE3CC-D446-4A93-984B-F5E0FB840C84}.RelSkipSFApp|x64.Build.0 = Debug|x64
		{2C2668C2-167F-4C7D-A125-96FCEC3AD135}.Debug|Any CPU.ActiveCfg = Debug|x64
		{2C2668C2-167F-4C7D-A125-96FCEC3AD135}.Debug|x64.ActiveCfg = Debug|x64
		{2C2668C2-167F-4C7D-A125-96FCEC3AD135}.Debug|x64.Build.0 = Debug|x64
		{2C2668C2-167F-4C7D-A125-96FCEC3AD135}.Release|Any CPU.ActiveCfg = Release|x64
		{2C2668C2-167F-4C7D-A125-96FCEC3AD135}.Release|x64.ActiveCfg = Release|x64
		{2C2668C2-167F-4C7D-A125-96FCEC3AD135}.Release|x64.Build.0 = Release|x64
		{2C2668C2-167F-4C7D-A125-96FCEC3AD135}.RelSkipSFApp|Any CPU.ActiveCfg = Release|x64
		{2C2668C2-167F-4C7D-A125-96FCEC3AD135}.RelSkipSFApp|Any CPU.Build.0 = Release|x64
		{2C2668C2-167F-4C7D-A125-96FCEC3AD135}.RelSkipSFApp|x64.ActiveCfg = Debug|x64
		{2C2668C2-167F-4C7D-A125-96FCEC3AD135}.RelSkipSFApp|x64.Build.0 = Debug|x64
		{069B53B6-F0DB-419E-ACA3-03AD0482791D}.Debug|Any CPU.ActiveCfg = Debug|Any CPU
		{069B53B6-F0DB-419E-ACA3-03AD0482791D}.Debug|Any CPU.Build.0 = Debug|Any CPU
		{069B53B6-F0DB-419E-ACA3-03AD0482791D}.Debug|x64.ActiveCfg = Debug|x64
		{069B53B6-F0DB-419E-ACA3-03AD0482791D}.Debug|x64.Build.0 = Debug|x64
		{069B53B6-F0DB-419E-ACA3-03AD0482791D}.Release|Any CPU.ActiveCfg = Release|Any CPU
		{069B53B6-F0DB-419E-ACA3-03AD0482791D}.Release|Any CPU.Build.0 = Release|Any CPU
		{069B53B6-F0DB-419E-ACA3-03AD0482791D}.Release|x64.ActiveCfg = Release|x64
		{069B53B6-F0DB-419E-ACA3-03AD0482791D}.Release|x64.Build.0 = Release|x64
		{069B53B6-F0DB-419E-ACA3-03AD0482791D}.RelSkipSFApp|Any CPU.ActiveCfg = Release|Any CPU
		{069B53B6-F0DB-419E-ACA3-03AD0482791D}.RelSkipSFApp|Any CPU.Build.0 = Release|Any CPU
		{069B53B6-F0DB-419E-ACA3-03AD0482791D}.RelSkipSFApp|x64.ActiveCfg = Release|x64
		{069B53B6-F0DB-419E-ACA3-03AD0482791D}.RelSkipSFApp|x64.Build.0 = Release|x64
		{77080B69-5803-4616-ACB4-F2BA4054E8BF}.Debug|Any CPU.ActiveCfg = Debug|x64
		{77080B69-5803-4616-ACB4-F2BA4054E8BF}.Debug|x64.ActiveCfg = Debug|x64
		{77080B69-5803-4616-ACB4-F2BA4054E8BF}.Debug|x64.Build.0 = Debug|x64
		{77080B69-5803-4616-ACB4-F2BA4054E8BF}.Debug|x64.Deploy.0 = Debug|x64
		{77080B69-5803-4616-ACB4-F2BA4054E8BF}.Release|Any CPU.ActiveCfg = Release|x64
		{77080B69-5803-4616-ACB4-F2BA4054E8BF}.Release|x64.ActiveCfg = Release|x64
		{77080B69-5803-4616-ACB4-F2BA4054E8BF}.Release|x64.Build.0 = Release|x64
		{77080B69-5803-4616-ACB4-F2BA4054E8BF}.Release|x64.Deploy.0 = Release|x64
		{77080B69-5803-4616-ACB4-F2BA4054E8BF}.RelSkipSFApp|Any CPU.ActiveCfg = Debug|x64
		{77080B69-5803-4616-ACB4-F2BA4054E8BF}.RelSkipSFApp|Any CPU.Build.0 = Debug|x64
		{77080B69-5803-4616-ACB4-F2BA4054E8BF}.RelSkipSFApp|Any CPU.Deploy.0 = Debug|x64
		{77080B69-5803-4616-ACB4-F2BA4054E8BF}.RelSkipSFApp|x64.ActiveCfg = Release|x64
		{77080B69-5803-4616-ACB4-F2BA4054E8BF}.RelSkipSFApp|x64.Build.0 = Release|x64
		{77080B69-5803-4616-ACB4-F2BA4054E8BF}.RelSkipSFApp|x64.Deploy.0 = Release|x64
		{82071BE4-608B-4D0E-91CD-983D463232C1}.Debug|Any CPU.ActiveCfg = Debug|Any CPU
		{82071BE4-608B-4D0E-91CD-983D463232C1}.Debug|Any CPU.Build.0 = Debug|Any CPU
		{82071BE4-608B-4D0E-91CD-983D463232C1}.Debug|x64.ActiveCfg = Debug|x64
		{82071BE4-608B-4D0E-91CD-983D463232C1}.Debug|x64.Build.0 = Debug|x64
		{82071BE4-608B-4D0E-91CD-983D463232C1}.Release|Any CPU.ActiveCfg = Release|Any CPU
		{82071BE4-608B-4D0E-91CD-983D463232C1}.Release|Any CPU.Build.0 = Release|Any CPU
		{82071BE4-608B-4D0E-91CD-983D463232C1}.Release|x64.ActiveCfg = Release|x64
		{82071BE4-608B-4D0E-91CD-983D463232C1}.Release|x64.Build.0 = Release|x64
		{82071BE4-608B-4D0E-91CD-983D463232C1}.RelSkipSFApp|Any CPU.ActiveCfg = Release|Any CPU
		{82071BE4-608B-4D0E-91CD-983D463232C1}.RelSkipSFApp|Any CPU.Build.0 = Release|Any CPU
		{82071BE4-608B-4D0E-91CD-983D463232C1}.RelSkipSFApp|x64.ActiveCfg = Release|x64
		{82071BE4-608B-4D0E-91CD-983D463232C1}.RelSkipSFApp|x64.Build.0 = Release|x64
		{0EACDCF0-20EF-4915-837C-F443298BDE95}.Debug|Any CPU.ActiveCfg = Debug|Any CPU
		{0EACDCF0-20EF-4915-837C-F443298BDE95}.Debug|Any CPU.Build.0 = Debug|Any CPU
		{0EACDCF0-20EF-4915-837C-F443298BDE95}.Debug|x64.ActiveCfg = Debug|x64
		{0EACDCF0-20EF-4915-837C-F443298BDE95}.Debug|x64.Build.0 = Debug|x64
		{0EACDCF0-20EF-4915-837C-F443298BDE95}.Release|Any CPU.ActiveCfg = Release|Any CPU
		{0EACDCF0-20EF-4915-837C-F443298BDE95}.Release|Any CPU.Build.0 = Release|Any CPU
		{0EACDCF0-20EF-4915-837C-F443298BDE95}.Release|x64.ActiveCfg = Release|x64
		{0EACDCF0-20EF-4915-837C-F443298BDE95}.Release|x64.Build.0 = Release|x64
		{0EACDCF0-20EF-4915-837C-F443298BDE95}.RelSkipSFApp|Any CPU.ActiveCfg = Release|Any CPU
		{0EACDCF0-20EF-4915-837C-F443298BDE95}.RelSkipSFApp|Any CPU.Build.0 = Release|Any CPU
		{0EACDCF0-20EF-4915-837C-F443298BDE95}.RelSkipSFApp|x64.ActiveCfg = Release|x64
		{0EACDCF0-20EF-4915-837C-F443298BDE95}.RelSkipSFApp|x64.Build.0 = Release|x64
	EndGlobalSection
	GlobalSection(SolutionProperties) = preSolution
		HideSolutionNode = FALSE
	EndGlobalSection
	GlobalSection(NestedProjects) = preSolution
		{2C2668C2-167F-4C7D-A125-96FCEC3AD135} = {480A6A1D-2D08-4D6D-BB45-7DFA88ECBEE7}
		{069B53B6-F0DB-419E-ACA3-03AD0482791D} = {8E21485E-9CD9-4A2D-902B-D672A3EB4965}
		{77080B69-5803-4616-ACB4-F2BA4054E8BF} = {8E21485E-9CD9-4A2D-902B-D672A3EB4965}
		{82071BE4-608B-4D0E-91CD-983D463232C1} = {8E21485E-9CD9-4A2D-902B-D672A3EB4965}
		{0EACDCF0-20EF-4915-837C-F443298BDE95} = {8E21485E-9CD9-4A2D-902B-D672A3EB4965}
	EndGlobalSection
	GlobalSection(ExtensibilityGlobals) = postSolution
		SolutionGuid = {9DA4374E-7E56-45CC-9721-7F084B757457}
	EndGlobalSection
EndGlobal
