
Microsoft Visual Studio Solution File, Format Version 12.00
# Visual Studio Version 16
VisualStudioVersion = 16.0.30907.101
MinimumVisualStudioVersion = 10.0.40219.1
Project("{9A19103F-16F7-4668-BE54-9A1E7A4F7556}") = "versioning", "versioning.csproj", "{E64108EF-457F-450C-80F8-BA3976F88375}"
EndProject
Global
	GlobalSection(SolutionConfigurationPlatforms) = preSolution
		Debug|Any CPU = Debug|Any CPU
		Release|Any CPU = Release|Any CPU
	EndGlobalSection
	GlobalSection(ProjectConfigurationPlatforms) = postSolution
		{E64108EF-457F-450C-80F8-BA3976F88375}.Debug|Any CPU.ActiveCfg = Debug|Any CPU
		{E64108EF-457F-450C-80F8-BA3976F88375}.Debug|Any CPU.Build.0 = Debug|Any CPU
		{E64108EF-457F-450C-80F8-BA3976F88375}.Release|Any CPU.ActiveCfg = Release|Any CPU
		{E64108EF-457F-450C-80F8-BA3976F88375}.Release|Any CPU.Build.0 = Release|Any CPU
	EndGlobalSection
	GlobalSection(SolutionProperties) = preSolution
		HideSolutionNode = FALSE
	EndGlobalSection
	GlobalSection(ExtensibilityGlobals) = postSolution
		SolutionGuid = {2D7C0A8D-FE42-4816-A485-180EFE19D50E}
	EndGlobalSection
EndGlobal
