
Microsoft Visual Studio Solution File, Format Version 12.00
# Visual Studio Version 16
VisualStudioVersion = 16.0.31321.278
MinimumVisualStudioVersion = 10.0.40219.1
Project("{9A19103F-16F7-4668-BE54-9A1E7A4F7556}") = "versioning", "versioning.csproj", "{69C4902A-227F-4044-8075-DF6043114008}"
EndProject
Global
	GlobalSection(SolutionConfigurationPlatforms) = preSolution
		Debug|Any CPU = Debug|Any CPU
		Release|Any CPU = Release|Any CPU
	EndGlobalSection
	GlobalSection(ProjectConfigurationPlatforms) = postSolution
		{69C4902A-227F-4044-8075-DF6043114008}.Debug|Any CPU.ActiveCfg = Debug|Any CPU
		{69C4902A-227F-4044-8075-DF6043114008}.Debug|Any CPU.Build.0 = Debug|Any CPU
		{69C4902A-227F-4044-8075-DF6043114008}.Release|Any CPU.ActiveCfg = Release|Any CPU
		{69C4902A-227F-4044-8075-DF6043114008}.Release|Any CPU.Build.0 = Release|Any CPU
	EndGlobalSection
	GlobalSection(SolutionProperties) = preSolution
		HideSolutionNode = FALSE
	EndGlobalSection
	GlobalSection(ExtensibilityGlobals) = postSolution
		SolutionGuid = {A7E2C469-7BAB-4F81-A70D-6433EB79ADD1}
	EndGlobalSection
EndGlobal
