
Microsoft Visual Studio Solution File, Format Version 12.00
# Visual Studio Version 16
VisualStudioVersion = 16.0.29409.12
MinimumVisualStudioVersion = 10.0.40219.1
Project("{9A19103F-16F7-4668-BE54-9A1E7A4F7556}") = "Trinity.WPF.TestClient", "Trinity.WPF.TestClient\Trinity.WPF.TestClient.csproj", "{42EDD0D0-3149-458E-90C5-CE29F0058A2C}"
EndProject
Project("{9A19103F-16F7-4668-BE54-9A1E7A4F7556}") = "Trinity.Client.TestProtocols", "Trinity.Client.TestProtocols\Trinity.Client.TestProtocols.csproj", "{E067E4BB-C1C7-4631-968B-8DAF0AC92F62}"
EndProject
Project("{9A19103F-16F7-4668-BE54-9A1E7A4F7556}") = "Trinity.TripleStore.TestSever.Client", "IKW.Trinity.TripleStore.TestSever.Client\Trinity.TripleStore.TestSever.Client.csproj", "{D2188620-2C04-44C7-9747-D0CC676F1A01}"
EndProject
Project("{9A19103F-16F7-4668-BE54-9A1E7A4F7556}") = "RDFTriple.DemoData", "IKW.RDFTriple.DemoData\RDFTriple.DemoData.csproj", "{136A2F87-1D02-4BC3-9E05-8B1641EA3C74}"
EndProject
Project("{9A19103F-16F7-4668-BE54-9A1E7A4F7556}") = "Trinity.TripleStore.TestServer", "IKW.Trinity.TripleStore.TestServer\Trinity.TripleStore.TestServer.csproj", "{CF7A9717-99AE-489C-8DDC-EF20E8DD7D25}"
EndProject
Project("{A07B5EB6-E848-4116-A8D0-A826331D98C6}") = "GraphEngine.ServiceFabric.TripleStoreApplication", "GraphEngine.ServiceFabric.TripleStoreApplication\GraphEngine.ServiceFabric.TripleStoreApplication.sfproj", "{8B3AB5B8-83D4-46CB-9569-93D0936E4502}"
	ProjectSection(ProjectDependencies) = postProject
		{E067E4BB-C1C7-4631-968B-8DAF0AC92F62} = {E067E4BB-C1C7-4631-968B-8DAF0AC92F62}
	EndProjectSection
EndProject
Project("{9A19103F-16F7-4668-BE54-9A1E7A4F7556}") = "Stateful.TripleStore.GraphDataService", "Stateful.TripleStore.GraphDataService\Stateful.TripleStore.GraphDataService.csproj", "{68C92D2E-9520-4904-A46B-CD20AE600583}"
EndProject
Global
	GlobalSection(SolutionConfigurationPlatforms) = preSolution
		Debug|Any CPU = Debug|Any CPU
		Debug|x64 = Debug|x64
		Release|Any CPU = Release|Any CPU
		Release|x64 = Release|x64
	EndGlobalSection
	GlobalSection(ProjectConfigurationPlatforms) = postSolution
		{42EDD0D0-3149-458E-90C5-CE29F0058A2C}.Debug|Any CPU.ActiveCfg = Debug|x64
		{42EDD0D0-3149-458E-90C5-CE29F0058A2C}.Debug|Any CPU.Build.0 = Debug|x64
		{42EDD0D0-3149-458E-90C5-CE29F0058A2C}.Debug|x64.ActiveCfg = Debug|x64
		{42EDD0D0-3149-458E-90C5-CE29F0058A2C}.Debug|x64.Build.0 = Debug|x64
		{42EDD0D0-3149-458E-90C5-CE29F0058A2C}.Release|Any CPU.ActiveCfg = Release|Any CPU
		{42EDD0D0-3149-458E-90C5-CE29F0058A2C}.Release|Any CPU.Build.0 = Release|Any CPU
		{42EDD0D0-3149-458E-90C5-CE29F0058A2C}.Release|x64.ActiveCfg = Release|Any CPU
		{42EDD0D0-3149-458E-90C5-CE29F0058A2C}.Release|x64.Build.0 = Release|Any CPU
		{E067E4BB-C1C7-4631-968B-8DAF0AC92F62}.Debug|Any CPU.ActiveCfg = Debug|x64
		{E067E4BB-C1C7-4631-968B-8DAF0AC92F62}.Debug|Any CPU.Build.0 = Debug|x64
		{E067E4BB-C1C7-4631-968B-8DAF0AC92F62}.Debug|x64.ActiveCfg = Debug|x64
		{E067E4BB-C1C7-4631-968B-8DAF0AC92F62}.Debug|x64.Build.0 = Debug|x64
		{E067E4BB-C1C7-4631-968B-8DAF0AC92F62}.Release|Any CPU.ActiveCfg = Release|Any CPU
		{E067E4BB-C1C7-4631-968B-8DAF0AC92F62}.Release|Any CPU.Build.0 = Release|Any CPU
		{E067E4BB-C1C7-4631-968B-8DAF0AC92F62}.Release|x64.ActiveCfg = Release|Any CPU
		{E067E4BB-C1C7-4631-968B-8DAF0AC92F62}.Release|x64.Build.0 = Release|Any CPU
		{D2188620-2C04-44C7-9747-D0CC676F1A01}.Debug|Any CPU.ActiveCfg = Debug|x64
		{D2188620-2C04-44C7-9747-D0CC676F1A01}.Debug|Any CPU.Build.0 = Debug|x64
		{D2188620-2C04-44C7-9747-D0CC676F1A01}.Debug|x64.ActiveCfg = Debug|x64
		{D2188620-2C04-44C7-9747-D0CC676F1A01}.Debug|x64.Build.0 = Debug|x64
		{D2188620-2C04-44C7-9747-D0CC676F1A01}.Release|Any CPU.ActiveCfg = Release|Any CPU
		{D2188620-2C04-44C7-9747-D0CC676F1A01}.Release|Any CPU.Build.0 = Release|Any CPU
		{D2188620-2C04-44C7-9747-D0CC676F1A01}.Release|x64.ActiveCfg = Release|Any CPU
		{D2188620-2C04-44C7-9747-D0CC676F1A01}.Release|x64.Build.0 = Release|Any CPU
		{136A2F87-1D02-4BC3-9E05-8B1641EA3C74}.Debug|Any CPU.ActiveCfg = Debug|x64
		{136A2F87-1D02-4BC3-9E05-8B1641EA3C74}.Debug|Any CPU.Build.0 = Debug|x64
		{136A2F87-1D02-4BC3-9E05-8B1641EA3C74}.Debug|x64.ActiveCfg = Debug|x64
		{136A2F87-1D02-4BC3-9E05-8B1641EA3C74}.Debug|x64.Build.0 = Debug|x64
		{136A2F87-1D02-4BC3-9E05-8B1641EA3C74}.Release|Any CPU.ActiveCfg = Release|Any CPU
		{136A2F87-1D02-4BC3-9E05-8B1641EA3C74}.Release|Any CPU.Build.0 = Release|Any CPU
		{136A2F87-1D02-4BC3-9E05-8B1641EA3C74}.Release|x64.ActiveCfg = Release|Any CPU
		{136A2F87-1D02-4BC3-9E05-8B1641EA3C74}.Release|x64.Build.0 = Release|Any CPU
		{CF7A9717-99AE-489C-8DDC-EF20E8DD7D25}.Debug|Any CPU.ActiveCfg = Debug|x64
		{CF7A9717-99AE-489C-8DDC-EF20E8DD7D25}.Debug|Any CPU.Build.0 = Debug|x64
		{CF7A9717-99AE-489C-8DDC-EF20E8DD7D25}.Debug|x64.ActiveCfg = Debug|x64
		{CF7A9717-99AE-489C-8DDC-EF20E8DD7D25}.Debug|x64.Build.0 = Debug|x64
		{CF7A9717-99AE-489C-8DDC-EF20E8DD7D25}.Release|Any CPU.ActiveCfg = Release|Any CPU
		{CF7A9717-99AE-489C-8DDC-EF20E8DD7D25}.Release|Any CPU.Build.0 = Release|Any CPU
		{CF7A9717-99AE-489C-8DDC-EF20E8DD7D25}.Release|x64.ActiveCfg = Release|Any CPU
		{CF7A9717-99AE-489C-8DDC-EF20E8DD7D25}.Release|x64.Build.0 = Release|Any CPU
		{8B3AB5B8-83D4-46CB-9569-93D0936E4502}.Debug|Any CPU.ActiveCfg = Debug|x64
		{8B3AB5B8-83D4-46CB-9569-93D0936E4502}.Debug|Any CPU.Build.0 = Debug|x64
		{8B3AB5B8-83D4-46CB-9569-93D0936E4502}.Debug|Any CPU.Deploy.0 = Debug|x64
		{8B3AB5B8-83D4-46CB-9569-93D0936E4502}.Debug|x64.ActiveCfg = Debug|x64
		{8B3AB5B8-83D4-46CB-9569-93D0936E4502}.Debug|x64.Build.0 = Debug|x64
		{8B3AB5B8-83D4-46CB-9569-93D0936E4502}.Debug|x64.Deploy.0 = Debug|x64
		{8B3AB5B8-83D4-46CB-9569-93D0936E4502}.Release|Any CPU.ActiveCfg = Release|x64
		{8B3AB5B8-83D4-46CB-9569-93D0936E4502}.Release|x64.ActiveCfg = Release|x64
		{8B3AB5B8-83D4-46CB-9569-93D0936E4502}.Release|x64.Build.0 = Release|x64
		{8B3AB5B8-83D4-46CB-9569-93D0936E4502}.Release|x64.Deploy.0 = Release|x64
		{68C92D2E-9520-4904-A46B-CD20AE600583}.Debug|Any CPU.ActiveCfg = Debug|x64
		{68C92D2E-9520-4904-A46B-CD20AE600583}.Debug|Any CPU.Build.0 = Debug|x64
		{68C92D2E-9520-4904-A46B-CD20AE600583}.Debug|x64.ActiveCfg = Debug|x64
		{68C92D2E-9520-4904-A46B-CD20AE600583}.Debug|x64.Build.0 = Debug|x64
		{68C92D2E-9520-4904-A46B-CD20AE600583}.Release|Any CPU.ActiveCfg = Release|Any CPU
		{68C92D2E-9520-4904-A46B-CD20AE600583}.Release|Any CPU.Build.0 = Release|Any CPU
		{68C92D2E-9520-4904-A46B-CD20AE600583}.Release|x64.ActiveCfg = Release|Any CPU
		{68C92D2E-9520-4904-A46B-CD20AE600583}.Release|x64.Build.0 = Release|Any CPU
	EndGlobalSection
	GlobalSection(SolutionProperties) = preSolution
		HideSolutionNode = FALSE
	EndGlobalSection
	GlobalSection(ExtensibilityGlobals) = postSolution
		SolutionGuid = {A6A85807-89D8-42BF-A64C-553C754C9133}
	EndGlobalSection
EndGlobal
