
Microsoft Visual Studio Solution File, Format Version 12.00
# Visual Studio 15
VisualStudioVersion = 15.0.27004.2009
MinimumVisualStudioVersion = 10.0.40219.1
Project("{FAE04EC0-301F-11D3-BF4B-00C04F79EFBC}") = "issue15", "issue15.csproj", "{0AE97FA8-E63E-48EA-8336-529FE0A9DBC0}"
EndProject
Global
	GlobalSection(SolutionConfigurationPlatforms) = preSolution
		Debug|Any CPU = Debug|Any CPU
		Release|Any CPU = Release|Any CPU
	EndGlobalSection
	GlobalSection(ProjectConfigurationPlatforms) = postSolution
		{0AE97FA8-E63E-48EA-8336-529FE0A9DBC0}.Debug|Any CPU.ActiveCfg = Debug|Any CPU
		{0AE97FA8-E63E-48EA-8336-529FE0A9DBC0}.Debug|Any CPU.Build.0 = Debug|Any CPU
		{0AE97FA8-E63E-48EA-8336-529FE0A9DBC0}.Release|Any CPU.ActiveCfg = Release|Any CPU
		{0AE97FA8-E63E-48EA-8336-529FE0A9DBC0}.Release|Any CPU.Build.0 = Release|Any CPU
	EndGlobalSection
	GlobalSection(SolutionProperties) = preSolution
		HideSolutionNode = FALSE
	EndGlobalSection
	GlobalSection(ExtensibilityGlobals) = postSolution
		SolutionGuid = {D1D9C812-5F23-4A75-A1F7-ECEAAE9EA6AC}
	EndGlobalSection
EndGlobal
