<?xml version="1.0" encoding="utf-8"?>
<Project ToolsVersion="4.0" xmlns="http://schemas.microsoft.com/developer/msbuild/2003">
  <ItemGroup>
    <Filter Include="Source Files">
      <UniqueIdentifier>{4FC737F1-C7A5-4376-A066-2A32D752A2FF}</UniqueIdentifier>
      <Extensions>cpp;c;cc;cxx;def;odl;idl;hpj;bat;asm;asmx</Extensions>
    </Filter>
    <Filter Include="Resource Files">
      <UniqueIdentifier>{67DA6AB6-F800-4c08-8B7A-83BB121AAD01}</UniqueIdentifier>
      <Extensions>rc;ico;cur;bmp;dlg;rc2;rct;bin;rgs;gif;jpg;jpeg;jpe;resx;tiff;tif;png;wav;mfcribbon-ms</Extensions>
    </Filter>
    <Filter Include="asmjit">
      <UniqueIdentifier>{355e0e4d-0ad6-4a0e-a323-e0e59bb4cedf}</UniqueIdentifier>
    </Filter>
    <Filter Include="asmjit/base">
      <UniqueIdentifier>{dbb7bd69-79bf-498a-bfee-7d3aad3833a6}</UniqueIdentifier>
    </Filter>
    <Filter Include="asmjit/x86">
      <UniqueIdentifier>{6448360b-6db6-43f0-b291-b4c6a640a4fb}</UniqueIdentifier>
    </Filter>
  </ItemGroup>
  <ItemGroup>
    <ClCompile Include="GraphEngine.Jit.Native.cpp">
      <Filter>Source Files</Filter>
    </ClCompile>
    <ClCompile Include="..\asmjit\src\asmjit\base\arch.cpp">
      <Filter>asmjit/base</Filter>
    </ClCompile>
    <ClCompile Include="..\asmjit\src\asmjit\base\assembler.cpp">
      <Filter>asmjit/base</Filter>
    </ClCompile>
    <ClCompile Include="..\asmjit\src\asmjit\base\codebuilder.cpp">
      <Filter>asmjit/base</Filter>
    </ClCompile>
    <ClCompile Include="..\asmjit\src\asmjit\base\codecompiler.cpp">
      <Filter>asmjit/base</Filter>
    </ClCompile>
    <ClCompile Include="..\asmjit\src\asmjit\base\codeemitter.cpp">
      <Filter>asmjit/base</Filter>
    </ClCompile>
    <ClCompile Include="..\asmjit\src\asmjit\base\codeholder.cpp">
      <Filter>asmjit/base</Filter>
    </ClCompile>
    <ClCompile Include="..\asmjit\src\asmjit\base\constpool.cpp">
      <Filter>asmjit/base</Filter>
    </ClCompile>
    <ClCompile Include="..\asmjit\src\asmjit\base\cpuinfo.cpp">
      <Filter>asmjit/base</Filter>
    </ClCompile>
    <ClCompile Include="..\asmjit\src\asmjit\base\func.cpp">
      <Filter>asmjit/base</Filter>
    </ClCompile>
    <ClCompile Include="..\asmjit\src\asmjit\base\globals.cpp">
      <Filter>asmjit/base</Filter>
    </ClCompile>
    <ClCompile Include="..\asmjit\src\asmjit\base\inst.cpp">
      <Filter>asmjit/base</Filter>
    </ClCompile>
    <ClCompile Include="..\asmjit\src\asmjit\base\logging.cpp">
      <Filter>asmjit/base</Filter>
    </ClCompile>
    <ClCompile Include="..\asmjit\src\asmjit\base\operand.cpp">
      <Filter>asmjit/base</Filter>
    </ClCompile>
    <ClCompile Include="..\asmjit\src\asmjit\base\osutils.cpp">
      <Filter>asmjit/base</Filter>
    </ClCompile>
    <ClCompile Include="..\asmjit\src\asmjit\base\regalloc.cpp">
      <Filter>asmjit/base</Filter>
    </ClCompile>
    <ClCompile Include="..\asmjit\src\asmjit\base\runtime.cpp">
      <Filter>asmjit/base</Filter>
    </ClCompile>
    <ClCompile Include="..\asmjit\src\asmjit\base\string.cpp">
      <Filter>asmjit/base</Filter>
    </ClCompile>
    <ClCompile Include="..\asmjit\src\asmjit\base\utils.cpp">
      <Filter>asmjit/base</Filter>
    </ClCompile>
    <ClCompile Include="..\asmjit\src\asmjit\base\vmem.cpp">
      <Filter>asmjit/base</Filter>
    </ClCompile>
    <ClCompile Include="..\asmjit\src\asmjit\base\zone.cpp">
      <Filter>asmjit/base</Filter>
    </ClCompile>
    <ClCompile Include="..\asmjit\src\asmjit\x86\x86assembler.cpp">
      <Filter>asmjit/x86</Filter>
    </ClCompile>
    <ClCompile Include="..\asmjit\src\asmjit\x86\x86builder.cpp">
      <Filter>asmjit/x86</Filter>
    </ClCompile>
    <ClCompile Include="..\asmjit\src\asmjit\x86\x86compiler.cpp">
      <Filter>asmjit/x86</Filter>
    </ClCompile>
    <ClCompile Include="..\asmjit\src\asmjit\x86\x86inst.cpp">
      <Filter>asmjit/x86</Filter>
    </ClCompile>
    <ClCompile Include="..\asmjit\src\asmjit\x86\x86instimpl.cpp">
      <Filter>asmjit/x86</Filter>
    </ClCompile>
    <ClCompile Include="..\asmjit\src\asmjit\x86\x86internal.cpp">
      <Filter>asmjit/x86</Filter>
    </ClCompile>
    <ClCompile Include="..\asmjit\src\asmjit\x86\x86logging.cpp">
      <Filter>asmjit/x86</Filter>
    </ClCompile>
    <ClCompile Include="..\asmjit\src\asmjit\x86\x86operand.cpp">
      <Filter>asmjit/x86</Filter>
    </ClCompile>
    <ClCompile Include="..\asmjit\src\asmjit\x86\x86operand_regs.cpp">
      <Filter>asmjit/x86</Filter>
    </ClCompile>
    <ClCompile Include="..\asmjit\src\asmjit\x86\x86regalloc.cpp">
      <Filter>asmjit/x86</Filter>
    </ClCompile>
    <ClCompile Include="FuncCtx.cpp">
      <Filter>Source Files</Filter>
    </ClCompile>
  </ItemGroup>
  <ItemGroup>
    <ClInclude Include="..\asmjit\src\asmjit\arm.h">
      <Filter>asmjit</Filter>
    </ClInclude>
    <ClInclude Include="..\asmjit\src\asmjit\asmjit.h">
      <Filter>asmjit</Filter>
    </ClInclude>
    <ClInclude Include="..\asmjit\src\asmjit\asmjit_apibegin.h">
      <Filter>asmjit</Filter>
    </ClInclude>
    <ClInclude Include="..\asmjit\src\asmjit\asmjit_apiend.h">
      <Filter>asmjit</Filter>
    </ClInclude>
    <ClInclude Include="..\asmjit\src\asmjit\asmjit_build.h">
      <Filter>asmjit</Filter>
    </ClInclude>
    <ClInclude Include="..\asmjit\src\asmjit\base.h">
      <Filter>asmjit</Filter>
    </ClInclude>
    <ClInclude Include="..\asmjit\src\asmjit\x86.h">
      <Filter>asmjit</Filter>
    </ClInclude>
    <ClInclude Include="..\asmjit\src\asmjit\base\arch.h">
      <Filter>asmjit/base</Filter>
    </ClInclude>
    <ClInclude Include="..\asmjit\src\asmjit\base\assembler.h">
      <Filter>asmjit/base</Filter>
    </ClInclude>
    <ClInclude Include="..\asmjit\src\asmjit\base\codebuilder.h">
      <Filter>asmjit/base</Filter>
    </ClInclude>
    <ClInclude Include="..\asmjit\src\asmjit\base\codecompiler.h">
      <Filter>asmjit/base</Filter>
    </ClInclude>
    <ClInclude Include="..\asmjit\src\asmjit\base\codeemitter.h">
      <Filter>asmjit/base</Filter>
    </ClInclude>
    <ClInclude Include="..\asmjit\src\asmjit\base\codeholder.h">
      <Filter>asmjit/base</Filter>
    </ClInclude>
    <ClInclude Include="..\asmjit\src\asmjit\base\constpool.h">
      <Filter>asmjit/base</Filter>
    </ClInclude>
    <ClInclude Include="..\asmjit\src\asmjit\base\cpuinfo.h">
      <Filter>asmjit/base</Filter>
    </ClInclude>
    <ClInclude Include="..\asmjit\src\asmjit\base\func.h">
      <Filter>asmjit/base</Filter>
    </ClInclude>
    <ClInclude Include="..\asmjit\src\asmjit\base\globals.h">
      <Filter>asmjit/base</Filter>
    </ClInclude>
    <ClInclude Include="..\asmjit\src\asmjit\base\inst.h">
      <Filter>asmjit/base</Filter>
    </ClInclude>
    <ClInclude Include="..\asmjit\src\asmjit\base\logging.h">
      <Filter>asmjit/base</Filter>
    </ClInclude>
    <ClInclude Include="..\asmjit\src\asmjit\base\misc_p.h">
      <Filter>asmjit/base</Filter>
    </ClInclude>
    <ClInclude Include="..\asmjit\src\asmjit\base\operand.h">
      <Filter>asmjit/base</Filter>
    </ClInclude>
    <ClInclude Include="..\asmjit\src\asmjit\base\osutils.h">
      <Filter>asmjit/base</Filter>
    </ClInclude>
    <ClInclude Include="..\asmjit\src\asmjit\base\regalloc_p.h">
      <Filter>asmjit/base</Filter>
    </ClInclude>
    <ClInclude Include="..\asmjit\src\asmjit\base\runtime.h">
      <Filter>asmjit/base</Filter>
    </ClInclude>
    <ClInclude Include="..\asmjit\src\asmjit\base\simdtypes.h">
      <Filter>asmjit/base</Filter>
    </ClInclude>
    <ClInclude Include="..\asmjit\src\asmjit\base\string.h">
      <Filter>asmjit/base</Filter>
    </ClInclude>
    <ClInclude Include="..\asmjit\src\asmjit\base\utils.h">
      <Filter>asmjit/base</Filter>
    </ClInclude>
    <ClInclude Include="..\asmjit\src\asmjit\base\vmem.h">
      <Filter>asmjit/base</Filter>
    </ClInclude>
    <ClInclude Include="..\asmjit\src\asmjit\base\zone.h">
      <Filter>asmjit/base</Filter>
    </ClInclude>
    <ClInclude Include="..\asmjit\src\asmjit\x86\x86assembler.h">
      <Filter>asmjit/x86</Filter>
    </ClInclude>
    <ClInclude Include="..\asmjit\src\asmjit\x86\x86builder.h">
      <Filter>asmjit/x86</Filter>
    </ClInclude>
    <ClInclude Include="..\asmjit\src\asmjit\x86\x86compiler.h">
      <Filter>asmjit/x86</Filter>
    </ClInclude>
    <ClInclude Include="..\asmjit\src\asmjit\x86\x86emitter.h">
      <Filter>asmjit/x86</Filter>
    </ClInclude>
    <ClInclude Include="..\asmjit\src\asmjit\x86\x86globals.h">
      <Filter>asmjit/x86</Filter>
    </ClInclude>
    <ClInclude Include="..\asmjit\src\asmjit\x86\x86inst.h">
      <Filter>asmjit/x86</Filter>
    </ClInclude>
    <ClInclude Include="..\asmjit\src\asmjit\x86\x86instimpl_p.h">
      <Filter>asmjit/x86</Filter>
    </ClInclude>
    <ClInclude Include="..\asmjit\src\asmjit\x86\x86internal_p.h">
      <Filter>asmjit/x86</Filter>
    </ClInclude>
    <ClInclude Include="..\asmjit\src\asmjit\x86\x86logging_p.h">
      <Filter>asmjit/x86</Filter>
    </ClInclude>
    <ClInclude Include="..\asmjit\src\asmjit\x86\x86misc.h">
      <Filter>asmjit/x86</Filter>
    </ClInclude>
    <ClInclude Include="..\asmjit\src\asmjit\x86\x86operand.h">
      <Filter>asmjit/x86</Filter>
    </ClInclude>
    <ClInclude Include="..\asmjit\src\asmjit\x86\x86regalloc_p.h">
      <Filter>asmjit/x86</Filter>
    </ClInclude>
    <ClInclude Include="TypeSystem.h">
      <Filter>Source Files</Filter>
    </ClInclude>
    <ClInclude Include="GraphEngine.Jit.Native.h">
      <Filter>Source Files</Filter>
    </ClInclude>
  </ItemGroup>
</Project>