
Microsoft Visual Studio Solution File, Format Version 12.00
# Visual Studio 15
VisualStudioVersion = 15.0.27130.2027
MinimumVisualStudioVersion = 10.0.40219.1
Project("{FAE04EC0-301F-11D3-BF4B-00C04F79EFBC}") = "Trinity.Core", "..\..\Trinity.Core\Trinity.Core.csproj", "{3C57EEA4-4AC0-4F72-A2C3-2715F07E29FB}"
	ProjectSection(ProjectDependencies) = postProject
		{53440B2C-3D01-40DA-BBAE-36B654541EE7} = {53440B2C-3D01-40DA-BBAE-36B654541EE7}
	EndProjectSection
EndProject
Project("{FAE04EC0-301F-11D3-BF4B-00C04F79EFBC}") = "Trinity.ServiceFabric", "Trinity.ServiceFabric\Trinity.ServiceFabric.csproj", "{A20AB17D-7A49-4427-A074-7A7F44358CF4}"
EndProject
Project("{8BC9CEB8-8B4A-11D0-8D11-00A0C91BC942}") = "Trinity.C", "..\..\Trinity.C\Trinity.C.vcxproj", "{53440B2C-3D01-40DA-BBAE-36B654541EE7}"
EndProject
Project("{2150E333-8FDC-42A3-9474-1A3956D46DE8}") = "Samples", "Samples", "{F958C42D-0BE4-4648-9350-F2A983AF3BA4}"
EndProject
Project("{A07B5EB6-E848-4116-A8D0-A826331D98C6}") = "DemoTrinityApp", "Samples\DemoTrinityApp\DemoTrinityApp.sfproj", "{C12FA26E-602E-43E3-924D-0F5AA9FC1726}"
EndProject
Project("{FAE04EC0-301F-11D3-BF4B-00C04F79EFBC}") = "DemoTrinityStateless", "Samples\DemoTrinityStateless\DemoTrinityStateless.csproj", "{6E109137-926C-4E7B-B11A-210EC883FDD2}"
EndProject
Project("{FAE04EC0-301F-11D3-BF4B-00C04F79EFBC}") = "DemoTSL", "Samples\DemoTSL\DemoTSL.csproj", "{CA99D199-D236-4115-961B-48010DA35367}"
EndProject
Project("{9A19103F-16F7-4668-BE54-9A1E7A4F7556}") = "DemoWebApiStateless", "Samples\DemoWebApiStateless\DemoWebApiStateless.csproj", "{130F1149-3562-4CC5-9B26-87BE1D65CC52}"
EndProject
Project("{FAE04EC0-301F-11D3-BF4B-00C04F79EFBC}") = "BuildNuGetPkg", "BuildNuGetPkg\BuildNuGetPkg.csproj", "{06D172A0-9B3F-4A20-8FD3-C7D86EFB9420}"
EndProject
Global
	GlobalSection(SolutionConfigurationPlatforms) = preSolution
		Debug|Any CPU = Debug|Any CPU
		Debug|x64 = Debug|x64
		Debug|x86 = Debug|x86
		Release|Any CPU = Release|Any CPU
		Release|x64 = Release|x64
		Release|x86 = Release|x86
		Release-CoreCLR|Any CPU = Release-CoreCLR|Any CPU
		Release-CoreCLR|x64 = Release-CoreCLR|x64
		Release-CoreCLR|x86 = Release-CoreCLR|x86
		Test-Debug|Any CPU = Test-Debug|Any CPU
		Test-Debug|x64 = Test-Debug|x64
		Test-Debug|x86 = Test-Debug|x86
		Test-Release|Any CPU = Test-Release|Any CPU
		Test-Release|x64 = Test-Release|x64
		Test-Release|x86 = Test-Release|x86
	EndGlobalSection
	GlobalSection(ProjectConfigurationPlatforms) = postSolution
		{3C57EEA4-4AC0-4F72-A2C3-2715F07E29FB}.Debug|Any CPU.ActiveCfg = Debug|Any CPU
		{3C57EEA4-4AC0-4F72-A2C3-2715F07E29FB}.Debug|Any CPU.Build.0 = Debug|Any CPU
		{3C57EEA4-4AC0-4F72-A2C3-2715F07E29FB}.Debug|x64.ActiveCfg = Debug|Any CPU
		{3C57EEA4-4AC0-4F72-A2C3-2715F07E29FB}.Debug|x64.Build.0 = Debug|Any CPU
		{3C57EEA4-4AC0-4F72-A2C3-2715F07E29FB}.Debug|x86.ActiveCfg = Debug|Any CPU
		{3C57EEA4-4AC0-4F72-A2C3-2715F07E29FB}.Debug|x86.Build.0 = Debug|Any CPU
		{3C57EEA4-4AC0-4F72-A2C3-2715F07E29FB}.Release|Any CPU.ActiveCfg = Release|Any CPU
		{3C57EEA4-4AC0-4F72-A2C3-2715F07E29FB}.Release|Any CPU.Build.0 = Release|Any CPU
		{3C57EEA4-4AC0-4F72-A2C3-2715F07E29FB}.Release|x64.ActiveCfg = Release|Any CPU
		{3C57EEA4-4AC0-4F72-A2C3-2715F07E29FB}.Release|x64.Build.0 = Release|Any CPU
		{3C57EEA4-4AC0-4F72-A2C3-2715F07E29FB}.Release|x86.ActiveCfg = Release|Any CPU
		{3C57EEA4-4AC0-4F72-A2C3-2715F07E29FB}.Release|x86.Build.0 = Release|Any CPU
		{3C57EEA4-4AC0-4F72-A2C3-2715F07E29FB}.Release-CoreCLR|Any CPU.ActiveCfg = Release|Any CPU
		{3C57EEA4-4AC0-4F72-A2C3-2715F07E29FB}.Release-CoreCLR|Any CPU.Build.0 = Release|Any CPU
		{3C57EEA4-4AC0-4F72-A2C3-2715F07E29FB}.Release-CoreCLR|x64.ActiveCfg = Release|Any CPU
		{3C57EEA4-4AC0-4F72-A2C3-2715F07E29FB}.Release-CoreCLR|x64.Build.0 = Release|Any CPU
		{3C57EEA4-4AC0-4F72-A2C3-2715F07E29FB}.Release-CoreCLR|x86.ActiveCfg = Release|Any CPU
		{3C57EEA4-4AC0-4F72-A2C3-2715F07E29FB}.Release-CoreCLR|x86.Build.0 = Release|Any CPU
		{3C57EEA4-4AC0-4F72-A2C3-2715F07E29FB}.Test-Debug|Any CPU.ActiveCfg = Test-Debug|Any CPU
		{3C57EEA4-4AC0-4F72-A2C3-2715F07E29FB}.Test-Debug|Any CPU.Build.0 = Test-Debug|Any CPU
		{3C57EEA4-4AC0-4F72-A2C3-2715F07E29FB}.Test-Debug|x64.ActiveCfg = Test-Debug|Any CPU
		{3C57EEA4-4AC0-4F72-A2C3-2715F07E29FB}.Test-Debug|x64.Build.0 = Test-Debug|Any CPU
		{3C57EEA4-4AC0-4F72-A2C3-2715F07E29FB}.Test-Debug|x86.ActiveCfg = Test-Debug|Any CPU
		{3C57EEA4-4AC0-4F72-A2C3-2715F07E29FB}.Test-Debug|x86.Build.0 = Test-Debug|Any CPU
		{3C57EEA4-4AC0-4F72-A2C3-2715F07E29FB}.Test-Release|Any CPU.ActiveCfg = Test-Release|Any CPU
		{3C57EEA4-4AC0-4F72-A2C3-2715F07E29FB}.Test-Release|Any CPU.Build.0 = Test-Release|Any CPU
		{3C57EEA4-4AC0-4F72-A2C3-2715F07E29FB}.Test-Release|x64.ActiveCfg = Test-Release|Any CPU
		{3C57EEA4-4AC0-4F72-A2C3-2715F07E29FB}.Test-Release|x64.Build.0 = Test-Release|Any CPU
		{3C57EEA4-4AC0-4F72-A2C3-2715F07E29FB}.Test-Release|x86.ActiveCfg = Test-Release|Any CPU
		{3C57EEA4-4AC0-4F72-A2C3-2715F07E29FB}.Test-Release|x86.Build.0 = Test-Release|Any CPU
		{A20AB17D-7A49-4427-A074-7A7F44358CF4}.Debug|Any CPU.ActiveCfg = Debug|Any CPU
		{A20AB17D-7A49-4427-A074-7A7F44358CF4}.Debug|Any CPU.Build.0 = Debug|Any CPU
		{A20AB17D-7A49-4427-A074-7A7F44358CF4}.Debug|x64.ActiveCfg = Debug|Any CPU
		{A20AB17D-7A49-4427-A074-7A7F44358CF4}.Debug|x64.Build.0 = Debug|Any CPU
		{A20AB17D-7A49-4427-A074-7A7F44358CF4}.Debug|x86.ActiveCfg = Debug|Any CPU
		{A20AB17D-7A49-4427-A074-7A7F44358CF4}.Debug|x86.Build.0 = Debug|Any CPU
		{A20AB17D-7A49-4427-A074-7A7F44358CF4}.Release|Any CPU.ActiveCfg = Release|Any CPU
		{A20AB17D-7A49-4427-A074-7A7F44358CF4}.Release|Any CPU.Build.0 = Release|Any CPU
		{A20AB17D-7A49-4427-A074-7A7F44358CF4}.Release|x64.ActiveCfg = Release|Any CPU
		{A20AB17D-7A49-4427-A074-7A7F44358CF4}.Release|x64.Build.0 = Release|Any CPU
		{A20AB17D-7A49-4427-A074-7A7F44358CF4}.Release|x86.ActiveCfg = Release|Any CPU
		{A20AB17D-7A49-4427-A074-7A7F44358CF4}.Release|x86.Build.0 = Release|Any CPU
		{A20AB17D-7A49-4427-A074-7A7F44358CF4}.Release-CoreCLR|Any CPU.ActiveCfg = Release|Any CPU
		{A20AB17D-7A49-4427-A074-7A7F44358CF4}.Release-CoreCLR|Any CPU.Build.0 = Release|Any CPU
		{A20AB17D-7A49-4427-A074-7A7F44358CF4}.Release-CoreCLR|x64.ActiveCfg = Release|Any CPU
		{A20AB17D-7A49-4427-A074-7A7F44358CF4}.Release-CoreCLR|x64.Build.0 = Release|Any CPU
		{A20AB17D-7A49-4427-A074-7A7F44358CF4}.Release-CoreCLR|x86.ActiveCfg = Release|Any CPU
		{A20AB17D-7A49-4427-A074-7A7F44358CF4}.Release-CoreCLR|x86.Build.0 = Release|Any CPU
		{A20AB17D-7A49-4427-A074-7A7F44358CF4}.Test-Debug|Any CPU.ActiveCfg = Debug|Any CPU
		{A20AB17D-7A49-4427-A074-7A7F44358CF4}.Test-Debug|Any CPU.Build.0 = Debug|Any CPU
		{A20AB17D-7A49-4427-A074-7A7F44358CF4}.Test-Debug|x64.ActiveCfg = Debug|Any CPU
		{A20AB17D-7A49-4427-A074-7A7F44358CF4}.Test-Debug|x64.Build.0 = Debug|Any CPU
		{A20AB17D-7A49-4427-A074-7A7F44358CF4}.Test-Debug|x86.ActiveCfg = Debug|Any CPU
		{A20AB17D-7A49-4427-A074-7A7F44358CF4}.Test-Debug|x86.Build.0 = Debug|Any CPU
		{A20AB17D-7A49-4427-A074-7A7F44358CF4}.Test-Release|Any CPU.ActiveCfg = Release|Any CPU
		{A20AB17D-7A49-4427-A074-7A7F44358CF4}.Test-Release|Any CPU.Build.0 = Release|Any CPU
		{A20AB17D-7A49-4427-A074-7A7F44358CF4}.Test-Release|x64.ActiveCfg = Release|Any CPU
		{A20AB17D-7A49-4427-A074-7A7F44358CF4}.Test-Release|x64.Build.0 = Release|Any CPU
		{A20AB17D-7A49-4427-A074-7A7F44358CF4}.Test-Release|x86.ActiveCfg = Release|Any CPU
		{A20AB17D-7A49-4427-A074-7A7F44358CF4}.Test-Release|x86.Build.0 = Release|Any CPU
		{53440B2C-3D01-40DA-BBAE-36B654541EE7}.Debug|Any CPU.ActiveCfg = Debug|x64
		{53440B2C-3D01-40DA-BBAE-36B654541EE7}.Debug|Any CPU.Build.0 = Debug|x64
		{53440B2C-3D01-40DA-BBAE-36B654541EE7}.Debug|x64.ActiveCfg = Debug|x64
		{53440B2C-3D01-40DA-BBAE-36B654541EE7}.Debug|x64.Build.0 = Debug|x64
		{53440B2C-3D01-40DA-BBAE-36B654541EE7}.Debug|x86.ActiveCfg = Debug|x64
		{53440B2C-3D01-40DA-BBAE-36B654541EE7}.Release|Any CPU.ActiveCfg = Release|x64
		{53440B2C-3D01-40DA-BBAE-36B654541EE7}.Release|x64.ActiveCfg = Release|x64
		{53440B2C-3D01-40DA-BBAE-36B654541EE7}.Release|x64.Build.0 = Release|x64
		{53440B2C-3D01-40DA-BBAE-36B654541EE7}.Release|x86.ActiveCfg = Release|x64
		{53440B2C-3D01-40DA-BBAE-36B654541EE7}.Release-CoreCLR|Any CPU.ActiveCfg = Release-CoreCLR|x64
		{53440B2C-3D01-40DA-BBAE-36B654541EE7}.Release-CoreCLR|x64.ActiveCfg = Release-CoreCLR|x64
		{53440B2C-3D01-40DA-BBAE-36B654541EE7}.Release-CoreCLR|x64.Build.0 = Release-CoreCLR|x64
		{53440B2C-3D01-40DA-BBAE-36B654541EE7}.Release-CoreCLR|x86.ActiveCfg = Release-CoreCLR|x64
		{53440B2C-3D01-40DA-BBAE-36B654541EE7}.Test-Debug|Any CPU.ActiveCfg = Test-Debug|x64
		{53440B2C-3D01-40DA-BBAE-36B654541EE7}.Test-Debug|x64.ActiveCfg = Test-Debug|x64
		{53440B2C-3D01-40DA-BBAE-36B654541EE7}.Test-Debug|x64.Build.0 = Test-Debug|x64
		{53440B2C-3D01-40DA-BBAE-36B654541EE7}.Test-Debug|x86.ActiveCfg = Test-Debug|x64
		{53440B2C-3D01-40DA-BBAE-36B654541EE7}.Test-Release|Any CPU.ActiveCfg = Test-Release|x64
		{53440B2C-3D01-40DA-BBAE-36B654541EE7}.Test-Release|x64.ActiveCfg = Test-Release|x64
		{53440B2C-3D01-40DA-BBAE-36B654541EE7}.Test-Release|x64.Build.0 = Test-Release|x64
		{53440B2C-3D01-40DA-BBAE-36B654541EE7}.Test-Release|x86.ActiveCfg = Test-Release|x64
		{C12FA26E-602E-43E3-924D-0F5AA9FC1726}.Debug|Any CPU.ActiveCfg = Debug|x64
		{C12FA26E-602E-43E3-924D-0F5AA9FC1726}.Debug|x64.ActiveCfg = Debug|x64
		{C12FA26E-602E-43E3-924D-0F5AA9FC1726}.Debug|x64.Build.0 = Debug|x64
		{C12FA26E-602E-43E3-924D-0F5AA9FC1726}.Debug|x64.Deploy.0 = Debug|x64
		{C12FA26E-602E-43E3-924D-0F5AA9FC1726}.Debug|x86.ActiveCfg = Debug|x64
		{C12FA26E-602E-43E3-924D-0F5AA9FC1726}.Release|Any CPU.ActiveCfg = Release|x64
		{C12FA26E-602E-43E3-924D-0F5AA9FC1726}.Release|x64.ActiveCfg = Release|x64
		{C12FA26E-602E-43E3-924D-0F5AA9FC1726}.Release|x64.Build.0 = Release|x64
		{C12FA26E-602E-43E3-924D-0F5AA9FC1726}.Release|x64.Deploy.0 = Release|x64
		{C12FA26E-602E-43E3-924D-0F5AA9FC1726}.Release|x86.ActiveCfg = Release|x64
		{C12FA26E-602E-43E3-924D-0F5AA9FC1726}.Release-CoreCLR|Any CPU.ActiveCfg = Release|x64
		{C12FA26E-602E-43E3-924D-0F5AA9FC1726}.Release-CoreCLR|Any CPU.Build.0 = Release|x64
		{C12FA26E-602E-43E3-924D-0F5AA9FC1726}.Release-CoreCLR|Any CPU.Deploy.0 = Release|x64
		{C12FA26E-602E-43E3-924D-0F5AA9FC1726}.Release-CoreCLR|x64.ActiveCfg = Release|x64
		{C12FA26E-602E-43E3-924D-0F5AA9FC1726}.Release-CoreCLR|x64.Build.0 = Release|x64
		{C12FA26E-602E-43E3-924D-0F5AA9FC1726}.Release-CoreCLR|x64.Deploy.0 = Release|x64
		{C12FA26E-602E-43E3-924D-0F5AA9FC1726}.Release-CoreCLR|x86.ActiveCfg = Release|x64
		{C12FA26E-602E-43E3-924D-0F5AA9FC1726}.Release-CoreCLR|x86.Build.0 = Release|x64
		{C12FA26E-602E-43E3-924D-0F5AA9FC1726}.Release-CoreCLR|x86.Deploy.0 = Release|x64
		{C12FA26E-602E-43E3-924D-0F5AA9FC1726}.Test-Debug|Any CPU.ActiveCfg = Release|x64
		{C12FA26E-602E-43E3-924D-0F5AA9FC1726}.Test-Debug|Any CPU.Build.0 = Release|x64
		{C12FA26E-602E-43E3-924D-0F5AA9FC1726}.Test-Debug|Any CPU.Deploy.0 = Release|x64
		{C12FA26E-602E-43E3-924D-0F5AA9FC1726}.Test-Debug|x64.ActiveCfg = Debug|x64
		{C12FA26E-602E-43E3-924D-0F5AA9FC1726}.Test-Debug|x64.Build.0 = Debug|x64
		{C12FA26E-602E-43E3-924D-0F5AA9FC1726}.Test-Debug|x64.Deploy.0 = Debug|x64
		{C12FA26E-602E-43E3-924D-0F5AA9FC1726}.Test-Debug|x86.ActiveCfg = Release|x64
		{C12FA26E-602E-43E3-924D-0F5AA9FC1726}.Test-Debug|x86.Build.0 = Release|x64
		{C12FA26E-602E-43E3-924D-0F5AA9FC1726}.Test-Debug|x86.Deploy.0 = Release|x64
		{C12FA26E-602E-43E3-924D-0F5AA9FC1726}.Test-Release|Any CPU.ActiveCfg = Release|x64
		{C12FA26E-602E-43E3-924D-0F5AA9FC1726}.Test-Release|Any CPU.Build.0 = Release|x64
		{C12FA26E-602E-43E3-924D-0F5AA9FC1726}.Test-Release|Any CPU.Deploy.0 = Release|x64
		{C12FA26E-602E-43E3-924D-0F5AA9FC1726}.Test-Release|x64.ActiveCfg = Release|x64
		{C12FA26E-602E-43E3-924D-0F5AA9FC1726}.Test-Release|x64.Build.0 = Release|x64
		{C12FA26E-602E-43E3-924D-0F5AA9FC1726}.Test-Release|x64.Deploy.0 = Release|x64
		{C12FA26E-602E-43E3-924D-0F5AA9FC1726}.Test-Release|x86.ActiveCfg = Release|x64
		{C12FA26E-602E-43E3-924D-0F5AA9FC1726}.Test-Release|x86.Build.0 = Release|x64
		{C12FA26E-602E-43E3-924D-0F5AA9FC1726}.Test-Release|x86.Deploy.0 = Release|x64
		{6E109137-926C-4E7B-B11A-210EC883FDD2}.Debug|Any CPU.ActiveCfg = Debug|x64
		{6E109137-926C-4E7B-B11A-210EC883FDD2}.Debug|x64.ActiveCfg = Debug|x64
		{6E109137-926C-4E7B-B11A-210EC883FDD2}.Debug|x64.Build.0 = Debug|x64
		{6E109137-926C-4E7B-B11A-210EC883FDD2}.Debug|x86.ActiveCfg = Debug|x64
		{6E109137-926C-4E7B-B11A-210EC883FDD2}.Release|Any CPU.ActiveCfg = Release|x64
		{6E109137-926C-4E7B-B11A-210EC883FDD2}.Release|x64.ActiveCfg = Release|x64
		{6E109137-926C-4E7B-B11A-210EC883FDD2}.Release|x64.Build.0 = Release|x64
		{6E109137-926C-4E7B-B11A-210EC883FDD2}.Release|x86.ActiveCfg = Release|x64
		{6E109137-926C-4E7B-B11A-210EC883FDD2}.Release-CoreCLR|Any CPU.ActiveCfg = Release|x64
		{6E109137-926C-4E7B-B11A-210EC883FDD2}.Release-CoreCLR|Any CPU.Build.0 = Release|x64
		{6E109137-926C-4E7B-B11A-210EC883FDD2}.Release-CoreCLR|x64.ActiveCfg = Release|x64
		{6E109137-926C-4E7B-B11A-210EC883FDD2}.Release-CoreCLR|x64.Build.0 = Release|x64
		{6E109137-926C-4E7B-B11A-210EC883FDD2}.Release-CoreCLR|x86.ActiveCfg = Release|x64
		{6E109137-926C-4E7B-B11A-210EC883FDD2}.Release-CoreCLR|x86.Build.0 = Release|x64
		{6E109137-926C-4E7B-B11A-210EC883FDD2}.Test-Debug|Any CPU.ActiveCfg = Release|x64
		{6E109137-926C-4E7B-B11A-210EC883FDD2}.Test-Debug|Any CPU.Build.0 = Release|x64
		{6E109137-926C-4E7B-B11A-210EC883FDD2}.Test-Debug|x64.ActiveCfg = Debug|x64
		{6E109137-926C-4E7B-B11A-210EC883FDD2}.Test-Debug|x64.Build.0 = Debug|x64
		{6E109137-926C-4E7B-B11A-210EC883FDD2}.Test-Debug|x86.ActiveCfg = Release|x64
		{6E109137-926C-4E7B-B11A-210EC883FDD2}.Test-Debug|x86.Build.0 = Release|x64
		{6E109137-926C-4E7B-B11A-210EC883FDD2}.Test-Release|Any CPU.ActiveCfg = Release|x64
		{6E109137-926C-4E7B-B11A-210EC883FDD2}.Test-Release|Any CPU.Build.0 = Release|x64
		{6E109137-926C-4E7B-B11A-210EC883FDD2}.Test-Release|x64.ActiveCfg = Release|x64
		{6E109137-926C-4E7B-B11A-210EC883FDD2}.Test-Release|x64.Build.0 = Release|x64
		{6E109137-926C-4E7B-B11A-210EC883FDD2}.Test-Release|x86.ActiveCfg = Release|x64
		{6E109137-926C-4E7B-B11A-210EC883FDD2}.Test-Release|x86.Build.0 = Release|x64
		{CA99D199-D236-4115-961B-48010DA35367}.Debug|Any CPU.ActiveCfg = Debug|Any CPU
		{CA99D199-D236-4115-961B-48010DA35367}.Debug|Any CPU.Build.0 = Debug|Any CPU
		{CA99D199-D236-4115-961B-48010DA35367}.Debug|x64.ActiveCfg = Debug|Any CPU
		{CA99D199-D236-4115-961B-48010DA35367}.Debug|x64.Build.0 = Debug|Any CPU
		{CA99D199-D236-4115-961B-48010DA35367}.Debug|x86.ActiveCfg = Debug|Any CPU
		{CA99D199-D236-4115-961B-48010DA35367}.Debug|x86.Build.0 = Debug|Any CPU
		{CA99D199-D236-4115-961B-48010DA35367}.Release|Any CPU.ActiveCfg = Release|Any CPU
		{CA99D199-D236-4115-961B-48010DA35367}.Release|Any CPU.Build.0 = Release|Any CPU
		{CA99D199-D236-4115-961B-48010DA35367}.Release|x64.ActiveCfg = Release|Any CPU
		{CA99D199-D236-4115-961B-48010DA35367}.Release|x64.Build.0 = Release|Any CPU
		{CA99D199-D236-4115-961B-48010DA35367}.Release|x86.ActiveCfg = Release|Any CPU
		{CA99D199-D236-4115-961B-48010DA35367}.Release|x86.Build.0 = Release|Any CPU
		{CA99D199-D236-4115-961B-48010DA35367}.Release-CoreCLR|Any CPU.ActiveCfg = Release|Any CPU
		{CA99D199-D236-4115-961B-48010DA35367}.Release-CoreCLR|Any CPU.Build.0 = Release|Any CPU
		{CA99D199-D236-4115-961B-48010DA35367}.Release-CoreCLR|x64.ActiveCfg = Release|Any CPU
		{CA99D199-D236-4115-961B-48010DA35367}.Release-CoreCLR|x64.Build.0 = Release|Any CPU
		{CA99D199-D236-4115-961B-48010DA35367}.Release-CoreCLR|x86.ActiveCfg = Release|Any CPU
		{CA99D199-D236-4115-961B-48010DA35367}.Release-CoreCLR|x86.Build.0 = Release|Any CPU
		{CA99D199-D236-4115-961B-48010DA35367}.Test-Debug|Any CPU.ActiveCfg = Debug|Any CPU
		{CA99D199-D236-4115-961B-48010DA35367}.Test-Debug|Any CPU.Build.0 = Debug|Any CPU
		{CA99D199-D236-4115-961B-48010DA35367}.Test-Debug|x64.ActiveCfg = Debug|Any CPU
		{CA99D199-D236-4115-961B-48010DA35367}.Test-Debug|x64.Build.0 = Debug|Any CPU
		{CA99D199-D236-4115-961B-48010DA35367}.Test-Debug|x86.ActiveCfg = Debug|Any CPU
		{CA99D199-D236-4115-961B-48010DA35367}.Test-Debug|x86.Build.0 = Debug|Any CPU
		{CA99D199-D236-4115-961B-48010DA35367}.Test-Release|Any CPU.ActiveCfg = Release|Any CPU
		{CA99D199-D236-4115-961B-48010DA35367}.Test-Release|Any CPU.Build.0 = Release|Any CPU
		{CA99D199-D236-4115-961B-48010DA35367}.Test-Release|x64.ActiveCfg = Release|Any CPU
		{CA99D199-D236-4115-961B-48010DA35367}.Test-Release|x64.Build.0 = Release|Any CPU
		{CA99D199-D236-4115-961B-48010DA35367}.Test-Release|x86.ActiveCfg = Release|Any CPU
		{CA99D199-D236-4115-961B-48010DA35367}.Test-Release|x86.Build.0 = Release|Any CPU
		{130F1149-3562-4CC5-9B26-87BE1D65CC52}.Debug|Any CPU.ActiveCfg = Debug|Any CPU
		{130F1149-3562-4CC5-9B26-87BE1D65CC52}.Debug|Any CPU.Build.0 = Debug|Any CPU
		{130F1149-3562-4CC5-9B26-87BE1D65CC52}.Debug|x64.ActiveCfg = Debug|Any CPU
		{130F1149-3562-4CC5-9B26-87BE1D65CC52}.Debug|x64.Build.0 = Debug|Any CPU
		{130F1149-3562-4CC5-9B26-87BE1D65CC52}.Debug|x86.ActiveCfg = Debug|Any CPU
		{130F1149-3562-4CC5-9B26-87BE1D65CC52}.Debug|x86.Build.0 = Debug|Any CPU
		{130F1149-3562-4CC5-9B26-87BE1D65CC52}.Release|Any CPU.ActiveCfg = Release|Any CPU
		{130F1149-3562-4CC5-9B26-87BE1D65CC52}.Release|Any CPU.Build.0 = Release|Any CPU
		{130F1149-3562-4CC5-9B26-87BE1D65CC52}.Release|x64.ActiveCfg = Release|Any CPU
		{130F1149-3562-4CC5-9B26-87BE1D65CC52}.Release|x64.Build.0 = Release|Any CPU
		{130F1149-3562-4CC5-9B26-87BE1D65CC52}.Release|x86.ActiveCfg = Release|Any CPU
		{130F1149-3562-4CC5-9B26-87BE1D65CC52}.Release|x86.Build.0 = Release|Any CPU
		{130F1149-3562-4CC5-9B26-87BE1D65CC52}.Release-CoreCLR|Any CPU.ActiveCfg = Release|Any CPU
		{130F1149-3562-4CC5-9B26-87BE1D65CC52}.Release-CoreCLR|Any CPU.Build.0 = Release|Any CPU
		{130F1149-3562-4CC5-9B26-87BE1D65CC52}.Release-CoreCLR|x64.ActiveCfg = Release|Any CPU
		{130F1149-3562-4CC5-9B26-87BE1D65CC52}.Release-CoreCLR|x64.Build.0 = Release|Any CPU
		{130F1149-3562-4CC5-9B26-87BE1D65CC52}.Release-CoreCLR|x86.ActiveCfg = Release|Any CPU
		{130F1149-3562-4CC5-9B26-87BE1D65CC52}.Release-CoreCLR|x86.Build.0 = Release|Any CPU
		{130F1149-3562-4CC5-9B26-87BE1D65CC52}.Test-Debug|Any CPU.ActiveCfg = Debug|Any CPU
		{130F1149-3562-4CC5-9B26-87BE1D65CC52}.Test-Debug|Any CPU.Build.0 = Debug|Any CPU
		{130F1149-3562-4CC5-9B26-87BE1D65CC52}.Test-Debug|x64.ActiveCfg = Debug|Any CPU
		{130F1149-3562-4CC5-9B26-87BE1D65CC52}.Test-Debug|x64.Build.0 = Debug|Any CPU
		{130F1149-3562-4CC5-9B26-87BE1D65CC52}.Test-Debug|x86.ActiveCfg = Debug|Any CPU
		{130F1149-3562-4CC5-9B26-87BE1D65CC52}.Test-Debug|x86.Build.0 = Debug|Any CPU
		{130F1149-3562-4CC5-9B26-87BE1D65CC52}.Test-Release|Any CPU.ActiveCfg = Release|Any CPU
		{130F1149-3562-4CC5-9B26-87BE1D65CC52}.Test-Release|Any CPU.Build.0 = Release|Any CPU
		{130F1149-3562-4CC5-9B26-87BE1D65CC52}.Test-Release|x64.ActiveCfg = Release|Any CPU
		{130F1149-3562-4CC5-9B26-87BE1D65CC52}.Test-Release|x64.Build.0 = Release|Any CPU
		{130F1149-3562-4CC5-9B26-87BE1D65CC52}.Test-Release|x86.ActiveCfg = Release|Any CPU
		{130F1149-3562-4CC5-9B26-87BE1D65CC52}.Test-Release|x86.Build.0 = Release|Any CPU
		{06D172A0-9B3F-4A20-8FD3-C7D86EFB9420}.Debug|Any CPU.ActiveCfg = Debug|x86
		{06D172A0-9B3F-4A20-8FD3-C7D86EFB9420}.Debug|x64.ActiveCfg = Debug|x86
		{06D172A0-9B3F-4A20-8FD3-C7D86EFB9420}.Debug|x86.ActiveCfg = Debug|x86
		{06D172A0-9B3F-4A20-8FD3-C7D86EFB9420}.Debug|x86.Build.0 = Debug|x86
		{06D172A0-9B3F-4A20-8FD3-C7D86EFB9420}.Release|Any CPU.ActiveCfg = Debug|x86
		{06D172A0-9B3F-4A20-8FD3-C7D86EFB9420}.Release|Any CPU.Build.0 = Debug|x86
		{06D172A0-9B3F-4A20-8FD3-C7D86EFB9420}.Release|x64.ActiveCfg = Debug|x86
		{06D172A0-9B3F-4A20-8FD3-C7D86EFB9420}.Release|x64.Build.0 = Debug|x86
		{06D172A0-9B3F-4A20-8FD3-C7D86EFB9420}.Release|x86.ActiveCfg = Debug|x86
		{06D172A0-9B3F-4A20-8FD3-C7D86EFB9420}.Release|x86.Build.0 = Debug|x86
		{06D172A0-9B3F-4A20-8FD3-C7D86EFB9420}.Release-CoreCLR|Any CPU.ActiveCfg = Debug|x86
		{06D172A0-9B3F-4A20-8FD3-C7D86EFB9420}.Release-CoreCLR|Any CPU.Build.0 = Debug|x86
		{06D172A0-9B3F-4A20-8FD3-C7D86EFB9420}.Release-CoreCLR|x64.ActiveCfg = Debug|x86
		{06D172A0-9B3F-4A20-8FD3-C7D86EFB9420}.Release-CoreCLR|x64.Build.0 = Debug|x86
		{06D172A0-9B3F-4A20-8FD3-C7D86EFB9420}.Release-CoreCLR|x86.ActiveCfg = Debug|x86
		{06D172A0-9B3F-4A20-8FD3-C7D86EFB9420}.Release-CoreCLR|x86.Build.0 = Debug|x86
		{06D172A0-9B3F-4A20-8FD3-C7D86EFB9420}.Test-Debug|Any CPU.ActiveCfg = Debug|x86
		{06D172A0-9B3F-4A20-8FD3-C7D86EFB9420}.Test-Debug|Any CPU.Build.0 = Debug|x86
		{06D172A0-9B3F-4A20-8FD3-C7D86EFB9420}.Test-Debug|x64.ActiveCfg = Debug|x86
		{06D172A0-9B3F-4A20-8FD3-C7D86EFB9420}.Test-Debug|x64.Build.0 = Debug|x86
		{06D172A0-9B3F-4A20-8FD3-C7D86EFB9420}.Test-Debug|x86.ActiveCfg = Debug|x86
		{06D172A0-9B3F-4A20-8FD3-C7D86EFB9420}.Test-Debug|x86.Build.0 = Debug|x86
		{06D172A0-9B3F-4A20-8FD3-C7D86EFB9420}.Test-Release|Any CPU.ActiveCfg = Debug|x86
		{06D172A0-9B3F-4A20-8FD3-C7D86EFB9420}.Test-Release|Any CPU.Build.0 = Debug|x86
		{06D172A0-9B3F-4A20-8FD3-C7D86EFB9420}.Test-Release|x64.ActiveCfg = Debug|x86
		{06D172A0-9B3F-4A20-8FD3-C7D86EFB9420}.Test-Release|x64.Build.0 = Debug|x86
		{06D172A0-9B3F-4A20-8FD3-C7D86EFB9420}.Test-Release|x86.ActiveCfg = Debug|x86
		{06D172A0-9B3F-4A20-8FD3-C7D86EFB9420}.Test-Release|x86.Build.0 = Debug|x86
	EndGlobalSection
	GlobalSection(SolutionProperties) = preSolution
		HideSolutionNode = FALSE
	EndGlobalSection
	GlobalSection(NestedProjects) = preSolution
		{C12FA26E-602E-43E3-924D-0F5AA9FC1726} = {F958C42D-0BE4-4648-9350-F2A983AF3BA4}
		{6E109137-926C-4E7B-B11A-210EC883FDD2} = {F958C42D-0BE4-4648-9350-F2A983AF3BA4}
		{CA99D199-D236-4115-961B-48010DA35367} = {F958C42D-0BE4-4648-9350-F2A983AF3BA4}
		{130F1149-3562-4CC5-9B26-87BE1D65CC52} = {F958C42D-0BE4-4648-9350-F2A983AF3BA4}
	EndGlobalSection
	GlobalSection(ExtensibilityGlobals) = postSolution
		SolutionGuid = {0F9F4306-E959-49A0-8341-B462FF5C7CD9}
	EndGlobalSection
EndGlobal
