
Microsoft Visual Studio Solution File, Format Version 12.00
# Visual Studio 15
VisualStudioVersion = 15.0.27130.2036
MinimumVisualStudioVersion = 10.0.40219.1
Project("{6EC3EE1D-3C4E-46DD-8F32-0CC8E7565705}") = "GraphEngine.Jit", "GraphEngine.Jit\GraphEngine.Jit.fsproj", "{0F48A2AB-7BEE-45E1-955B-A938086EBA11}"
EndProject
Project("{9A19103F-16F7-4668-BE54-9A1E7A4F7556}") = "Trinity.Core", "..\..\Trinity.Core\Trinity.Core.csproj", "{C527257C-8FEC-495A-A98E-38597D9E22B9}"
EndProject
Project("{2150E333-8FDC-42A3-9474-1A3956D46DE8}") = "Dependencies", "Dependencies", "{0CB52B42-DEA7-4014-8109-DCF7295D59AF}"
EndProject
Project("{9A19103F-16F7-4668-BE54-9A1E7A4F7556}") = "GraphEngine.Jit.Playground", "GraphEngine.Jit.Playground\GraphEngine.Jit.Playground.csproj", "{F1BE24FA-C020-4DC9-9E36-20443D156CFD}"
EndProject
Project("{6EC3EE1D-3C4E-46DD-8F32-0CC8E7565705}") = "GraphEngine.Jit.UnitTest", "GraphEngine.Jit.UnitTest\GraphEngine.Jit.UnitTest.fsproj", "{8DE1005B-4E22-4B8D-983D-425223B8F446}"
EndProject
Project("{9A19103F-16F7-4668-BE54-9A1E7A4F7556}") = "GraphEngine.Jit.TSL", "GraphEngine.Jit.TSL\GraphEngine.Jit.TSL.csproj", "{AD455239-3DFF-4F5D-A7AB-E4574229C30B}"
EndProject
Global
	GlobalSection(SolutionConfigurationPlatforms) = preSolution
		Debug|Any CPU = Debug|Any CPU
		Debug|x64 = Debug|x64
		Release|Any CPU = Release|Any CPU
		Release|x64 = Release|x64
		Release-CoreCLR|Any CPU = Release-CoreCLR|Any CPU
		Release-CoreCLR|x64 = Release-CoreCLR|x64
	EndGlobalSection
	GlobalSection(ProjectConfigurationPlatforms) = postSolution
		{0F48A2AB-7BEE-45E1-955B-A938086EBA11}.Debug|Any CPU.ActiveCfg = Debug|Any CPU
		{0F48A2AB-7BEE-45E1-955B-A938086EBA11}.Debug|Any CPU.Build.0 = Debug|Any CPU
		{0F48A2AB-7BEE-45E1-955B-A938086EBA11}.Debug|x64.ActiveCfg = Debug|Any CPU
		{0F48A2AB-7BEE-45E1-955B-A938086EBA11}.Debug|x64.Build.0 = Debug|Any CPU
		{0F48A2AB-7BEE-45E1-955B-A938086EBA11}.Release|Any CPU.ActiveCfg = Release|Any CPU
		{0F48A2AB-7BEE-45E1-955B-A938086EBA11}.Release|Any CPU.Build.0 = Release|Any CPU
		{0F48A2AB-7BEE-45E1-955B-A938086EBA11}.Release|x64.ActiveCfg = Release|Any CPU
		{0F48A2AB-7BEE-45E1-955B-A938086EBA11}.Release|x64.Build.0 = Release|Any CPU
		{0F48A2AB-7BEE-45E1-955B-A938086EBA11}.Release-CoreCLR|Any CPU.ActiveCfg = Release|Any CPU
		{0F48A2AB-7BEE-45E1-955B-A938086EBA11}.Release-CoreCLR|Any CPU.Build.0 = Release|Any CPU
		{0F48A2AB-7BEE-45E1-955B-A938086EBA11}.Release-CoreCLR|x64.ActiveCfg = Release|Any CPU
		{0F48A2AB-7BEE-45E1-955B-A938086EBA11}.Release-CoreCLR|x64.Build.0 = Release|Any CPU
		{C527257C-8FEC-495A-A98E-38597D9E22B9}.Debug|Any CPU.ActiveCfg = Debug|Any CPU
		{C527257C-8FEC-495A-A98E-38597D9E22B9}.Debug|x64.ActiveCfg = Debug|Any CPU
		{C527257C-8FEC-495A-A98E-38597D9E22B9}.Debug|x64.Build.0 = Debug|Any CPU
		{C527257C-8FEC-495A-A98E-38597D9E22B9}.Release|Any CPU.ActiveCfg = Release|Any CPU
		{C527257C-8FEC-495A-A98E-38597D9E22B9}.Release|x64.ActiveCfg = Release|Any CPU
		{C527257C-8FEC-495A-A98E-38597D9E22B9}.Release|x64.Build.0 = Release|Any CPU
		{C527257C-8FEC-495A-A98E-38597D9E22B9}.Release-CoreCLR|Any CPU.ActiveCfg = Release|Any CPU
		{C527257C-8FEC-495A-A98E-38597D9E22B9}.Release-CoreCLR|x64.ActiveCfg = Release|Any CPU
		{C527257C-8FEC-495A-A98E-38597D9E22B9}.Release-CoreCLR|x64.Build.0 = Release|Any CPU
		{F1BE24FA-C020-4DC9-9E36-20443D156CFD}.Debug|Any CPU.ActiveCfg = Debug|Any CPU
		{F1BE24FA-C020-4DC9-9E36-20443D156CFD}.Debug|Any CPU.Build.0 = Debug|Any CPU
		{F1BE24FA-C020-4DC9-9E36-20443D156CFD}.Debug|x64.ActiveCfg = Debug|Any CPU
		{F1BE24FA-C020-4DC9-9E36-20443D156CFD}.Debug|x64.Build.0 = Debug|Any CPU
		{F1BE24FA-C020-4DC9-9E36-20443D156CFD}.Release|Any CPU.ActiveCfg = Release|Any CPU
		{F1BE24FA-C020-4DC9-9E36-20443D156CFD}.Release|Any CPU.Build.0 = Release|Any CPU
		{F1BE24FA-C020-4DC9-9E36-20443D156CFD}.Release|x64.ActiveCfg = Release|Any CPU
		{F1BE24FA-C020-4DC9-9E36-20443D156CFD}.Release|x64.Build.0 = Release|Any CPU
		{F1BE24FA-C020-4DC9-9E36-20443D156CFD}.Release-CoreCLR|Any CPU.ActiveCfg = Release|Any CPU
		{F1BE24FA-C020-4DC9-9E36-20443D156CFD}.Release-CoreCLR|Any CPU.Build.0 = Release|Any CPU
		{F1BE24FA-C020-4DC9-9E36-20443D156CFD}.Release-CoreCLR|x64.ActiveCfg = Release|Any CPU
		{F1BE24FA-C020-4DC9-9E36-20443D156CFD}.Release-CoreCLR|x64.Build.0 = Release|Any CPU
		{8DE1005B-4E22-4B8D-983D-425223B8F446}.Debug|Any CPU.ActiveCfg = Debug|Any CPU
		{8DE1005B-4E22-4B8D-983D-425223B8F446}.Debug|Any CPU.Build.0 = Debug|Any CPU
		{8DE1005B-4E22-4B8D-983D-425223B8F446}.Debug|x64.ActiveCfg = Debug|Any CPU
		{8DE1005B-4E22-4B8D-983D-425223B8F446}.Debug|x64.Build.0 = Debug|Any CPU
		{8DE1005B-4E22-4B8D-983D-425223B8F446}.Release|Any CPU.ActiveCfg = Release|Any CPU
		{8DE1005B-4E22-4B8D-983D-425223B8F446}.Release|Any CPU.Build.0 = Release|Any CPU
		{8DE1005B-4E22-4B8D-983D-425223B8F446}.Release|x64.ActiveCfg = Release|Any CPU
		{8DE1005B-4E22-4B8D-983D-425223B8F446}.Release|x64.Build.0 = Release|Any CPU
		{8DE1005B-4E22-4B8D-983D-425223B8F446}.Release-CoreCLR|Any CPU.ActiveCfg = Release|Any CPU
		{8DE1005B-4E22-4B8D-983D-425223B8F446}.Release-CoreCLR|Any CPU.Build.0 = Release|Any CPU
		{8DE1005B-4E22-4B8D-983D-425223B8F446}.Release-CoreCLR|x64.ActiveCfg = Release|Any CPU
		{8DE1005B-4E22-4B8D-983D-425223B8F446}.Release-CoreCLR|x64.Build.0 = Release|Any CPU
		{AD455239-3DFF-4F5D-A7AB-E4574229C30B}.Debug|Any CPU.ActiveCfg = Debug|Any CPU
		{AD455239-3DFF-4F5D-A7AB-E4574229C30B}.Debug|Any CPU.Build.0 = Debug|Any CPU
		{AD455239-3DFF-4F5D-A7AB-E4574229C30B}.Debug|x64.ActiveCfg = Debug|Any CPU
		{AD455239-3DFF-4F5D-A7AB-E4574229C30B}.Debug|x64.Build.0 = Debug|Any CPU
		{AD455239-3DFF-4F5D-A7AB-E4574229C30B}.Release|Any CPU.ActiveCfg = Release|Any CPU
		{AD455239-3DFF-4F5D-A7AB-E4574229C30B}.Release|Any CPU.Build.0 = Release|Any CPU
		{AD455239-3DFF-4F5D-A7AB-E4574229C30B}.Release|x64.ActiveCfg = Release|Any CPU
		{AD455239-3DFF-4F5D-A7AB-E4574229C30B}.Release|x64.Build.0 = Release|Any CPU
		{AD455239-3DFF-4F5D-A7AB-E4574229C30B}.Release-CoreCLR|Any CPU.ActiveCfg = Release|Any CPU
		{AD455239-3DFF-4F5D-A7AB-E4574229C30B}.Release-CoreCLR|Any CPU.Build.0 = Release|Any CPU
		{AD455239-3DFF-4F5D-A7AB-E4574229C30B}.Release-CoreCLR|x64.ActiveCfg = Release|Any CPU
		{AD455239-3DFF-4F5D-A7AB-E4574229C30B}.Release-CoreCLR|x64.Build.0 = Release|Any CPU
	EndGlobalSection
	GlobalSection(SolutionProperties) = preSolution
		HideSolutionNode = FALSE
	EndGlobalSection
	GlobalSection(NestedProjects) = preSolution
		{C527257C-8FEC-495A-A98E-38597D9E22B9} = {0CB52B42-DEA7-4014-8109-DCF7295D59AF}
	EndGlobalSection
	GlobalSection(ExtensibilityGlobals) = postSolution
		SolutionGuid = {A8A767BA-DA4D-4693-8BA5-4C0F7868A97B}
	EndGlobalSection
EndGlobal
