<?xml version="1.0" encoding="utf-8"?>
<Project ToolsVersion="15.0" xmlns="http://schemas.microsoft.com/developer/msbuild/2003">
  <ItemGroup>
    <ClCompile Include="C:\Users\yatli\git\GraphEngine\src\Trinity.TSL\Trinity.TSL.CodeGen\Cell.cs.cpp">
      <Filter>Source Files</Filter>
    </ClCompile>
    <ClCompile Include="C:\Users\yatli\git\GraphEngine\src\Trinity.TSL\Trinity.TSL.CodeGen\CellSelectors.cs.cpp">
      <Filter>Source Files</Filter>
    </ClCompile>
    <ClCompile Include="C:\Users\yatli\git\GraphEngine\src\Trinity.TSL\Trinity.TSL.CodeGen\CellTypeEnum.cs.cpp">
      <Filter>Source Files</Filter>
    </ClCompile>
    <ClCompile Include="C:\Users\yatli\git\GraphEngine\src\Trinity.TSL\Trinity.TSL.CodeGen\CellTypeExtension.cs.cpp">
      <Filter>Source Files</Filter>
    </ClCompile>
    <ClCompile Include="C:\Users\yatli\git\GraphEngine\src\Trinity.TSL\Trinity.TSL.CodeGen\CodeGen\AccessorInitialization.cpp">
      <Filter>Source Files</Filter>
    </ClCompile>
    <ClCompile Include="C:\Users\yatli\git\GraphEngine\src\Trinity.TSL\Trinity.TSL.CodeGen\CodeGen\AccessorToAccessorFieldAssignment.cpp">
      <Filter>Source Files</Filter>
    </ClCompile>
    <ClCompile Include="C:\Users\yatli\git\GraphEngine\src\Trinity.TSL\Trinity.TSL.CodeGen\CodeGen\PushPointer.cpp">
      <Filter>Source Files</Filter>
    </ClCompile>
    <ClCompile Include="C:\Users\yatli\git\GraphEngine\src\Trinity.TSL\Trinity.TSL.CodeGen\CodeGen\StructAccessorReverseImplicitOperator.cpp">
      <Filter>Source Files</Filter>
    </ClCompile>
    <ClCompile Include="C:\Users\yatli\git\GraphEngine\src\Trinity.TSL\Trinity.TSL.CodeGen\CodeGen\Trinity.TSL.CodeGen.cpp">
      <Filter>Source Files</Filter>
    </ClCompile>
    <ClCompile Include="C:\Users\yatli\git\GraphEngine\src\Trinity.TSL\Trinity.TSL.CodeGen\CodeGen\common.cpp">
      <Filter>Source Files</Filter>
    </ClCompile>
    <ClCompile Include="C:\Users\yatli\git\GraphEngine\src\Trinity.TSL\Trinity.TSL.CodeGen\CodeGen\main.cpp">
      <Filter>Source Files</Filter>
    </ClCompile>
    <ClCompile Include="C:\Users\yatli\git\GraphEngine\src\Trinity.TSL\Trinity.TSL.CodeGen\CommunicationSchema.cs.cpp">
      <Filter>Source Files</Filter>
    </ClCompile>
    <ClCompile Include="C:\Users\yatli\git\GraphEngine\src\Trinity.TSL\Trinity.TSL.CodeGen\Containers\Array.cs.cpp">
      <Filter>Source Files</Filter>
    </ClCompile>
    <ClCompile Include="C:\Users\yatli\git\GraphEngine\src\Trinity.TSL\Trinity.TSL.CodeGen\Containers\Containers.cpp">
      <Filter>Source Files</Filter>
    </ClCompile>
    <ClCompile Include="C:\Users\yatli\git\GraphEngine\src\Trinity.TSL\Trinity.TSL.CodeGen\Containers\List.cs.cpp">
      <Filter>Source Files</Filter>
    </ClCompile>
    <ClCompile Include="C:\Users\yatli\git\GraphEngine\src\Trinity.TSL\Trinity.TSL.CodeGen\Enum.cs.cpp">
      <Filter>Source Files</Filter>
    </ClCompile>
    <ClCompile Include="C:\Users\yatli\git\GraphEngine\src\Trinity.TSL\Trinity.TSL.CodeGen\ExtensionAttribute.cs.cpp">
      <Filter>Source Files</Filter>
    </ClCompile>
    <ClCompile Include="C:\Users\yatli\git\GraphEngine\src\Trinity.TSL\Trinity.TSL.CodeGen\ExternalParser.cs.cpp">
      <Filter>Source Files</Filter>
    </ClCompile>
    <ClCompile Include="C:\Users\yatli\git\GraphEngine\src\Trinity.TSL\Trinity.TSL.CodeGen\GenericCell.cs.cpp">
      <Filter>Source Files</Filter>
    </ClCompile>
    <ClCompile Include="C:\Users\yatli\git\GraphEngine\src\Trinity.TSL\Trinity.TSL.CodeGen\GenericFieldAccessor.cs.cpp">
      <Filter>Source Files</Filter>
    </ClCompile>
    <ClCompile Include="C:\Users\yatli\git\GraphEngine\src\Trinity.TSL\Trinity.TSL.CodeGen\HTTP.cs.cpp">
      <Filter>Source Files</Filter>
    </ClCompile>
    <ClCompile Include="C:\Users\yatli\git\GraphEngine\src\Trinity.TSL\Trinity.TSL.CodeGen\Index.cs.cpp">
      <Filter>Source Files</Filter>
    </ClCompile>
    <ClCompile Include="C:\Users\yatli\git\GraphEngine\src\Trinity.TSL\Trinity.TSL.CodeGen\InvertedIndex\Bigram\IndexItem.cs.cpp">
      <Filter>Source Files</Filter>
    </ClCompile>
    <ClCompile Include="C:\Users\yatli\git\GraphEngine\src\Trinity.TSL\Trinity.TSL.CodeGen\InvertedIndex\Bigram\Indexer.cs.cpp">
      <Filter>Source Files</Filter>
    </ClCompile>
    <ClCompile Include="C:\Users\yatli\git\GraphEngine\src\Trinity.TSL\Trinity.TSL.CodeGen\InvertedIndex\Bigram\Searcher.cs.cpp">
      <Filter>Source Files</Filter>
    </ClCompile>
    <ClCompile Include="C:\Users\yatli\git\GraphEngine\src\Trinity.TSL\Trinity.TSL.CodeGen\LINQ\ExpressionTreeRewritter.cs.cpp">
      <Filter>Source Files</Filter>
    </ClCompile>
    <ClCompile Include="C:\Users\yatli\git\GraphEngine\src\Trinity.TSL\Trinity.TSL.CodeGen\LINQ\IndexQueryTreeExecutor.cs.cpp">
      <Filter>Source Files</Filter>
    </ClCompile>
    <ClCompile Include="C:\Users\yatli\git\GraphEngine\src\Trinity.TSL\Trinity.TSL.CodeGen\LINQ\IndexQueryTreeNode.cs.cpp">
      <Filter>Source Files</Filter>
    </ClCompile>
    <ClCompile Include="C:\Users\yatli\git\GraphEngine\src\Trinity.TSL\Trinity.TSL.CodeGen\LINQ\PLINQWrapper.cs.cpp">
      <Filter>Source Files</Filter>
    </ClCompile>
    <ClCompile Include="C:\Users\yatli\git\GraphEngine\src\Trinity.TSL\Trinity.TSL.CodeGen\Libraries\BufferAllocator.cs.cpp">
      <Filter>Source Files</Filter>
    </ClCompile>
    <ClCompile Include="C:\Users\yatli\git\GraphEngine\src\Trinity.TSL\Trinity.TSL.CodeGen\Libraries\DateTimeAccessor.cs.cpp">
      <Filter>Source Files</Filter>
    </ClCompile>
    <ClCompile Include="C:\Users\yatli\git\GraphEngine\src\Trinity.TSL\Trinity.TSL.CodeGen\Libraries\EnumAccessor.cs.cpp">
      <Filter>Source Files</Filter>
    </ClCompile>
    <ClCompile Include="C:\Users\yatli\git\GraphEngine\src\Trinity.TSL\Trinity.TSL.CodeGen\Libraries\GuidAccessor.cs.cpp">
      <Filter>Source Files</Filter>
    </ClCompile>
    <ClCompile Include="C:\Users\yatli\git\GraphEngine\src\Trinity.TSL\Trinity.TSL.CodeGen\Libraries\StringAccessor.cs.cpp">
      <Filter>Source Files</Filter>
    </ClCompile>
    <ClCompile Include="C:\Users\yatli\git\GraphEngine\src\Trinity.TSL\Trinity.TSL.CodeGen\Libraries\U8StringAccessor.cs.cpp">
      <Filter>Source Files</Filter>
    </ClCompile>
    <ClCompile Include="C:\Users\yatli\git\GraphEngine\src\Trinity.TSL\Trinity.TSL.CodeGen\Libraries\byteListAccessor.cs.cpp">
      <Filter>Source Files</Filter>
    </ClCompile>
    <ClCompile Include="C:\Users\yatli\git\GraphEngine\src\Trinity.TSL\Trinity.TSL.CodeGen\Libraries\doubleListAccessor.cs.cpp">
      <Filter>Source Files</Filter>
    </ClCompile>
    <ClCompile Include="C:\Users\yatli\git\GraphEngine\src\Trinity.TSL\Trinity.TSL.CodeGen\Libraries\intListAccessor.cs.cpp">
      <Filter>Source Files</Filter>
    </ClCompile>
    <ClCompile Include="C:\Users\yatli\git\GraphEngine\src\Trinity.TSL\Trinity.TSL.CodeGen\Libraries\longListAccessor.cs.cpp">
      <Filter>Source Files</Filter>
    </ClCompile>
    <ClCompile Include="C:\Users\yatli\git\GraphEngine\src\Trinity.TSL\Trinity.TSL.CodeGen\MODULES\AccessorFieldsDefinition.cs.cpp">
      <Filter>Source Files</Filter>
    </ClCompile>
    <ClCompile Include="C:\Users\yatli\git\GraphEngine\src\Trinity.TSL\Trinity.TSL.CodeGen\MODULES\AccessorReverseImplicitOperator.cs.cpp">
      <Filter>Source Files</Filter>
    </ClCompile>
    <ClCompile Include="C:\Users\yatli\git\GraphEngine\src\Trinity.TSL\Trinity.TSL.CodeGen\MODULES\CommunicationClass.cs.cpp">
      <Filter>Source Files</Filter>
    </ClCompile>
    <ClCompile Include="C:\Users\yatli\git\GraphEngine\src\Trinity.TSL\Trinity.TSL.CodeGen\MODULES\CommunicationSchemaModule.cs.cpp">
      <Filter>Source Files</Filter>
    </ClCompile>
    <ClCompile Include="C:\Users\yatli\git\GraphEngine\src\Trinity.TSL\Trinity.TSL.CodeGen\MODULES\EnumerateFromFieldModule.cs.cpp">
      <Filter>Source Files</Filter>
    </ClCompile>
    <ClCompile Include="C:\Users\yatli\git\GraphEngine\src\Trinity.TSL\Trinity.TSL.CodeGen\MODULES\HTTPModule.cs.cpp">
      <Filter>Source Files</Filter>
    </ClCompile>
    <ClCompile Include="C:\Users\yatli\git\GraphEngine\src\Trinity.TSL\Trinity.TSL.CodeGen\MODULES\LegacyMessagePassingMethods.cs.cpp">
      <Filter>Source Files</Filter>
    </ClCompile>
    <ClCompile Include="C:\Users\yatli\git\GraphEngine\src\Trinity.TSL\Trinity.TSL.CodeGen\MODULES\MessagePassingMethods.cs.cpp">
      <Filter>Source Files</Filter>
    </ClCompile>
    <ClCompile Include="C:\Users\yatli\git\GraphEngine\src\Trinity.TSL\Trinity.TSL.CodeGen\MODULES\OptionalFields.cs.cpp">
      <Filter>Source Files</Filter>
    </ClCompile>
    <ClCompile Include="C:\Users\yatli\git\GraphEngine\src\Trinity.TSL\Trinity.TSL.CodeGen\MODULES\SerializeParametersToBuffer.cs.cpp">
      <Filter>Source Files</Filter>
    </ClCompile>
    <ClCompile Include="C:\Users\yatli\git\GraphEngine\src\Trinity.TSL\Trinity.TSL.CodeGen\MODULES\StructAccessorEqualOperator.cs.cpp">
      <Filter>Source Files</Filter>
    </ClCompile>
    <ClCompile Include="C:\Users\yatli\git\GraphEngine\src\Trinity.TSL\Trinity.TSL.CodeGen\MODULES\ValueToAccessorFieldAssignment.cs.cpp">
      <Filter>Source Files</Filter>
    </ClCompile>
    <ClCompile Include="C:\Users\yatli\git\GraphEngine\src\Trinity.TSL\Trinity.TSL.CodeGen\MessageAccessors.cs.cpp">
      <Filter>Source Files</Filter>
    </ClCompile>
    <ClCompile Include="C:\Users\yatli\git\GraphEngine\src\Trinity.TSL\Trinity.TSL.CodeGen\Protocols.cs.cpp">
      <Filter>Source Files</Filter>
    </ClCompile>
    <ClCompile Include="C:\Users\yatli\git\GraphEngine\src\Trinity.TSL\Trinity.TSL.CodeGen\Serializer.cs.cpp">
      <Filter>Source Files</Filter>
    </ClCompile>
    <ClCompile Include="C:\Users\yatli\git\GraphEngine\src\Trinity.TSL\Trinity.TSL.CodeGen\StorageSchema.cs.cpp">
      <Filter>Source Files</Filter>
    </ClCompile>
    <ClCompile Include="C:\Users\yatli\git\GraphEngine\src\Trinity.TSL\Trinity.TSL.CodeGen\Struct.cs.cpp">
      <Filter>Source Files</Filter>
    </ClCompile>
    <ClCompile Include="C:\Users\yatli\git\GraphEngine\src\Trinity.TSL\Trinity.TSL.CodeGen\Throw.cs.cpp">
      <Filter>Source Files</Filter>
    </ClCompile>
    <ClCompile Include="C:\Users\yatli\git\GraphEngine\src\Trinity.TSL\Trinity.TSL.CodeGen\Traits.cs.cpp">
      <Filter>Source Files</Filter>
    </ClCompile>
  </ItemGroup>
  <ItemGroup>
    <CustomBuild Include="C:\Users\yatli\git\GraphEngine\src\Trinity.TSL\Trinity.TSL.CodeGen\CMakeLists.txt" />
  </ItemGroup>
  <ItemGroup>
    <Filter Include="Source Files">
      <UniqueIdentifier>{2FA90CF5-6201-3421-AC47-DFD3E0BC3CD4}</UniqueIdentifier>
    </Filter>
  </ItemGroup>
</Project>
