<?xml version="1.0" encoding="utf-8"?>
<Project ToolsVersion="4.0" xmlns="http://schemas.microsoft.com/developer/msbuild/2003">
  <ItemGroup>
    <Filter Include="Source Files">
      <UniqueIdentifier>{4FC737F1-C7A5-4376-A066-2A32D752A2FF}</UniqueIdentifier>
      <Extensions>cpp;c;cc;cxx;def;odl;idl;hpj;bat;asm;asmx</Extensions>
    </Filter>
    <Filter Include="Header Files">
      <UniqueIdentifier>{93995380-89BD-4b04-88EB-625FBE52EBFB}</UniqueIdentifier>
      <Extensions>h;hh;hpp;hxx;hm;inl;inc;xsd</Extensions>
    </Filter>
    <Filter Include="Resource Files">
      <UniqueIdentifier>{67DA6AB6-F800-4c08-8B7A-83BB121AAD01}</UniqueIdentifier>
      <Extensions>rc;ico;cur;bmp;dlg;rc2;rct;bin;rgs;gif;jpg;jpeg;jpe;resx;tiff;tif;png;wav;mfcribbon-ms</Extensions>
    </Filter>
  </ItemGroup>
  <ItemGroup>
    <ClCompile Include="Struct.cs.cpp">
      <Filter>Source Files</Filter>
    </ClCompile>
    <ClCompile Include="GenericCell.cs.cpp">
      <Filter>Source Files</Filter>
    </ClCompile>
    <ClCompile Include="Enum.cs.cpp">
      <Filter>Source Files</Filter>
    </ClCompile>
    <ClCompile Include="ExternalParser.cs.cpp">
      <Filter>Source Files</Filter>
    </ClCompile>
    <ClCompile Include="Traits.cs.cpp">
      <Filter>Source Files</Filter>
    </ClCompile>
    <ClCompile Include="GenericFieldAccessor.cs.cpp">
      <Filter>Source Files</Filter>
    </ClCompile>
    <ClCompile Include="HTTP.cs.cpp">
      <Filter>Source Files</Filter>
    </ClCompile>
    <ClCompile Include="Serializer.cs.cpp">
      <Filter>Source Files</Filter>
    </ClCompile>
    <ClCompile Include="CellSelectors.cs.cpp">
      <Filter>Source Files</Filter>
    </ClCompile>
    <ClCompile Include="Index.cs.cpp">
      <Filter>Source Files</Filter>
    </ClCompile>
    <ClCompile Include="Cell.cs.cpp">
      <Filter>Source Files</Filter>
    </ClCompile>
    <ClCompile Include="Throw.cs.cpp">
      <Filter>Source Files</Filter>
    </ClCompile>
    <ClCompile Include="Libraries\BufferAllocator.cs.cpp">
      <Filter>Source Files</Filter>
    </ClCompile>
    <ClCompile Include="Libraries\byteListAccessor.cs.cpp">
      <Filter>Source Files</Filter>
    </ClCompile>
    <ClCompile Include="Libraries\DateTimeAccessor.cs.cpp">
      <Filter>Source Files</Filter>
    </ClCompile>
    <ClCompile Include="Libraries\doubleListAccessor.cs.cpp">
      <Filter>Source Files</Filter>
    </ClCompile>
    <ClCompile Include="Libraries\EnumAccessor.cs.cpp">
      <Filter>Source Files</Filter>
    </ClCompile>
    <ClCompile Include="Libraries\GuidAccessor.cs.cpp">
      <Filter>Source Files</Filter>
    </ClCompile>
    <ClCompile Include="Libraries\intListAccessor.cs.cpp">
      <Filter>Source Files</Filter>
    </ClCompile>
    <ClCompile Include="Libraries\longListAccessor.cs.cpp">
      <Filter>Source Files</Filter>
    </ClCompile>
    <ClCompile Include="Libraries\StringAccessor.cs.cpp">
      <Filter>Source Files</Filter>
    </ClCompile>
    <ClCompile Include="InvertedIndex\Bigram\Indexer.cs.cpp">
      <Filter>Source Files</Filter>
    </ClCompile>
    <ClCompile Include="InvertedIndex\Bigram\IndexItem.cs.cpp">
      <Filter>Source Files</Filter>
    </ClCompile>
    <ClCompile Include="InvertedIndex\Bigram\Searcher.cs.cpp">
      <Filter>Source Files</Filter>
    </ClCompile>
    <ClCompile Include="LINQ\ExpressionTreeRewritter.cs.cpp">
      <Filter>Source Files</Filter>
    </ClCompile>
    <ClCompile Include="LINQ\IndexQueryTreeExecutor.cs.cpp">
      <Filter>Source Files</Filter>
    </ClCompile>
    <ClCompile Include="LINQ\IndexQueryTreeNode.cs.cpp">
      <Filter>Source Files</Filter>
    </ClCompile>
    <ClCompile Include="LINQ\PLINQWrapper.cs.cpp">
      <Filter>Source Files</Filter>
    </ClCompile>
    <ClCompile Include="ExtensionAttribute.cs.cpp">
      <Filter>Source Files</Filter>
    </ClCompile>
    <ClCompile Include="MODULES\PushPointer.cs.cpp">
      <Filter>Source Files</Filter>
    </ClCompile>
    <ClCompile Include="MODULES\HTTPModule.cs.cpp">
      <Filter>Source Files</Filter>
    </ClCompile>
    <ClCompile Include="StorageSchema.cs.cpp">
      <Filter>Source Files</Filter>
    </ClCompile>
    <ClCompile Include="MODULES\CommunicationSchemaModule.cs.cpp">
      <Filter>Source Files</Filter>
    </ClCompile>
    <ClCompile Include="CommunicationSchema.cs.cpp">
      <Filter>Source Files</Filter>
    </ClCompile>
    <ClCompile Include="Libraries\U8StringAccessor.cs.cpp">
      <Filter>Source Files</Filter>
    </ClCompile>
    <ClCompile Include="MODULES\EnumerateFromFieldModule.cs.cpp">
      <Filter>Source Files</Filter>
    </ClCompile>
    <ClCompile Include="CodeGen\main.cpp">
      <Filter>Source Files</Filter>
    </ClCompile>
    <ClCompile Include="CodeGen\Trinity.TSL.CodeGen.cpp">
      <Filter>Source Files</Filter>
    </ClCompile>
    <ClCompile Include="CellTypeEnum.cs.cpp">
      <Filter>Source Files</Filter>
    </ClCompile>
    <ClCompile Include="CodeGen\common.cpp">
      <Filter>Source Files</Filter>
    </ClCompile>
    <ClCompile Include="Containers\Array.cs.cpp">
      <Filter>Source Files</Filter>
    </ClCompile>
    <ClCompile Include="Containers\List.cs.cpp">
      <Filter>Source Files</Filter>
    </ClCompile>
    <ClCompile Include="Containers\Containers.cpp">
      <Filter>Source Files</Filter>
    </ClCompile>
    <ClCompile Include="CodeGen\AccessorInitialization.cpp">
      <Filter>Source Files</Filter>
    </ClCompile>
    <ClCompile Include="MODULES\OptionalFields.cs.cpp">
      <Filter>Source Files</Filter>
    </ClCompile>
    <ClCompile Include="MODULES\AccessorFieldAssignment.cs.cpp">
      <Filter>Source Files</Filter>
    </ClCompile>
  </ItemGroup>
  <ItemGroup>
    <ClInclude Include="CodeGen\Trinity.TSL.CodeGen.h">
      <Filter>Header Files</Filter>
    </ClInclude>
    <ClInclude Include="CodeGen\common.h">
      <Filter>Header Files</Filter>
    </ClInclude>
    <ClInclude Include="CodeGen\OptionalFieldCalculator.h">
      <Filter>Header Files</Filter>
    </ClInclude>
    <ClInclude Include="CodeGen\AccessorType.h">
      <Filter>Header Files</Filter>
    </ClInclude>
  </ItemGroup>
</Project>