
Microsoft Visual Studio Solution File, Format Version 12.00
# Visual Studio 15
VisualStudioVersion = 15.0.27428.2015
MinimumVisualStudioVersion = 10.0.40219.1
Project("{FAE04EC0-301F-11D3-BF4B-00C04F79EFBC}") = "IKW Graph Engine WPF Test Facility", "IKW Graph Engine WPF Test Facility\IKW Graph Engine WPF Test Facility.csproj", "{43762876-F883-4DCF-B5B5-43044EF6D10F}"
EndProject
Global
	GlobalSection(SolutionConfigurationPlatforms) = preSolution
		Debug|Any CPU = Debug|Any CPU
		Release|Any CPU = Release|Any CPU
	EndGlobalSection
	GlobalSection(ProjectConfigurationPlatforms) = postSolution
		{43762876-F883-4DCF-B5B5-43044EF6D10F}.Debug|Any CPU.ActiveCfg = Debug|Any CPU
		{43762876-F883-4DCF-B5B5-43044EF6D10F}.Debug|Any CPU.Build.0 = Debug|Any CPU
		{43762876-F883-4DCF-B5B5-43044EF6D10F}.Release|Any CPU.ActiveCfg = Release|Any CPU
		{43762876-F883-4DCF-B5B5-43044EF6D10F}.Release|Any CPU.Build.0 = Release|Any CPU
	EndGlobalSection
	GlobalSection(SolutionProperties) = preSolution
		HideSolutionNode = FALSE
	EndGlobalSection
	GlobalSection(ExtensibilityGlobals) = postSolution
		SolutionGuid = {7D6290EB-AEF6-44A8-B279-23554772B9C5}
	EndGlobalSection
EndGlobal
