
Microsoft Visual Studio Solution File, Format Version 12.00
# Visual Studio 15
VisualStudioVersion = 15.0.27428.1
MinimumVisualStudioVersion = 10.0.40219.1
Project("{FAE04EC0-301F-11D3-BF4B-00C04F79EFBC}") = "freebase-likq", "freebase-likq\freebase-likq.csproj", "{13334873-1E72-47C0-B207-623F0CA8F48C}"
EndProject
Project("{FAE04EC0-301F-11D3-BF4B-00C04F79EFBC}") = "freebase-tsl", "freebase-tsl\freebase-tsl.csproj", "{E6DE0304-954A-411E-B35A-D299E5D88C51}"
EndProject
Project("{2150E333-8FDC-42A3-9474-1A3956D46DE8}") = "Solution Items", "Solution Items", "{3B7BAEAF-A557-4751-88EC-06F080219BF0}"
	ProjectSection(SolutionItems) = preProject
		README.md = README.md
	EndProjectSection
EndProject
Global
	GlobalSection(SolutionConfigurationPlatforms) = preSolution
		Debug|Any CPU = Debug|Any CPU
		Debug|x64 = Debug|x64
		Release|Any CPU = Release|Any CPU
		Release|x64 = Release|x64
	EndGlobalSection
	GlobalSection(ProjectConfigurationPlatforms) = postSolution
		{13334873-1E72-47C0-B207-623F0CA8F48C}.Debug|Any CPU.ActiveCfg = Debug|Any CPU
		{13334873-1E72-47C0-B207-623F0CA8F48C}.Debug|Any CPU.Build.0 = Debug|Any CPU
		{13334873-1E72-47C0-B207-623F0CA8F48C}.Debug|x64.ActiveCfg = Debug|x64
		{13334873-1E72-47C0-B207-623F0CA8F48C}.Debug|x64.Build.0 = Debug|x64
		{13334873-1E72-47C0-B207-623F0CA8F48C}.Release|Any CPU.ActiveCfg = Release|Any CPU
		{13334873-1E72-47C0-B207-623F0CA8F48C}.Release|Any CPU.Build.0 = Release|Any CPU
		{13334873-1E72-47C0-B207-623F0CA8F48C}.Release|x64.ActiveCfg = Release|x64
		{13334873-1E72-47C0-B207-623F0CA8F48C}.Release|x64.Build.0 = Release|x64
		{E6DE0304-954A-411E-B35A-D299E5D88C51}.Debug|Any CPU.ActiveCfg = Debug|Any CPU
		{E6DE0304-954A-411E-B35A-D299E5D88C51}.Debug|Any CPU.Build.0 = Debug|Any CPU
		{E6DE0304-954A-411E-B35A-D299E5D88C51}.Debug|x64.ActiveCfg = Debug|Any CPU
		{E6DE0304-954A-411E-B35A-D299E5D88C51}.Debug|x64.Build.0 = Debug|Any CPU
		{E6DE0304-954A-411E-B35A-D299E5D88C51}.Release|Any CPU.ActiveCfg = Release|Any CPU
		{E6DE0304-954A-411E-B35A-D299E5D88C51}.Release|Any CPU.Build.0 = Release|Any CPU
		{E6DE0304-954A-411E-B35A-D299E5D88C51}.Release|x64.ActiveCfg = Release|x64
		{E6DE0304-954A-411E-B35A-D299E5D88C51}.Release|x64.Build.0 = Release|x64
	EndGlobalSection
	GlobalSection(SolutionProperties) = preSolution
		HideSolutionNode = FALSE
	EndGlobalSection
	GlobalSection(ExtensibilityGlobals) = postSolution
		SolutionGuid = {FA431952-D7BC-493A-BDB5-46F2833648BE}
	EndGlobalSection
EndGlobal
