
Microsoft Visual Studio Solution File, Format Version 12.00
# Visual Studio 2013
VisualStudioVersion = 12.0.40629.0
MinimumVisualStudioVersion = 10.0.40219.1
Project("{FAE04EC0-301F-11D3-BF4B-00C04F79EFBC}") = "Ping", "Ping\Ping.csproj", "{60941142-AE8C-4DC3-B994-F9692E887A7B}"
EndProject
Global
	GlobalSection(SolutionConfigurationPlatforms) = preSolution
		Debug|Any CPU = Debug|Any CPU
		Release|Any CPU = Release|Any CPU
	EndGlobalSection
	GlobalSection(ProjectConfigurationPlatforms) = postSolution
		{60941142-AE8C-4DC3-B994-F9692E887A7B}.Debug|Any CPU.ActiveCfg = Debug|Any CPU
		{60941142-AE8C-4DC3-B994-F9692E887A7B}.Debug|Any CPU.Build.0 = Debug|Any CPU
		{60941142-AE8C-4DC3-B994-F9692E887A7B}.Release|Any CPU.ActiveCfg = Release|Any CPU
		{60941142-AE8C-4DC3-B994-F9692E887A7B}.Release|Any CPU.Build.0 = Release|Any CPU
	EndGlobalSection
	GlobalSection(SolutionProperties) = preSolution
		HideSolutionNode = FALSE
	EndGlobalSection
EndGlobal
