
Microsoft Visual Studio Solution File, Format Version 12.00
# Visual Studio 15
VisualStudioVersion = 15.0.27130.2036
MinimumVisualStudioVersion = 10.0.40219.1
Project("{9A19103F-16F7-4668-BE54-9A1E7A4F7556}") = "GraphEngine.TSL.Utf8", "GraphEngine.TSL.Utf8.csproj", "{783FA63D-4FE2-4D80-B0EA-2D2DBB74410A}"
EndProject
Global
	GlobalSection(SolutionConfigurationPlatforms) = preSolution
		Debug|Any CPU = Debug|Any CPU
		Release|Any CPU = Release|Any CPU
	EndGlobalSection
	GlobalSection(ProjectConfigurationPlatforms) = postSolution
		{783FA63D-4FE2-4D80-B0EA-2D2DBB74410A}.Debug|Any CPU.ActiveCfg = Debug|Any CPU
		{783FA63D-4FE2-4D80-B0EA-2D2DBB74410A}.Debug|Any CPU.Build.0 = Debug|Any CPU
		{783FA63D-4FE2-4D80-B0EA-2D2DBB74410A}.Release|Any CPU.ActiveCfg = Release|Any CPU
		{783FA63D-4FE2-4D80-B0EA-2D2DBB74410A}.Release|Any CPU.Build.0 = Release|Any CPU
	EndGlobalSection
	GlobalSection(SolutionProperties) = preSolution
		HideSolutionNode = FALSE
	EndGlobalSection
	GlobalSection(ExtensibilityGlobals) = postSolution
		SolutionGuid = {A7FAA65D-D45A-4FF2-8DF3-D0733D8E277F}
	EndGlobalSection
EndGlobal
