
Microsoft Visual Studio Solution File, Format Version 12.00
# Visual Studio 15
VisualStudioVersion = 15.0.26228.9
MinimumVisualStudioVersion = 10.0.40219.1
Project("{FAE04EC0-301F-11D3-BF4B-00C04F79EFBC}") = "GraphEngine.DataImporter", "GraphEngine.DataImporter\GraphEngine.DataImporter.csproj", "{CBAE2CF8-FDC7-4F6F-A5C3-649EAAD3F7D4}"
EndProject
Project("{2150E333-8FDC-42A3-9474-1A3956D46DE8}") = "Solution Items", "Solution Items", "{C7FD7516-B498-4944-AC5E-B86742CE270D}"
EndProject
Project("{FAE04EC0-301F-11D3-BF4B-00C04F79EFBC}") = "CsvparserTest", "CsvparserTest\CsvparserTest.csproj", "{EFB01F24-47EF-4FBA-9B60-8310045C6D56}"
EndProject
Global
	GlobalSection(SolutionConfigurationPlatforms) = preSolution
		Debug|Any CPU = Debug|Any CPU
		Release|Any CPU = Release|Any CPU
	EndGlobalSection
	GlobalSection(ProjectConfigurationPlatforms) = postSolution
		{CBAE2CF8-FDC7-4F6F-A5C3-649EAAD3F7D4}.Debug|Any CPU.ActiveCfg = Debug|Any CPU
		{CBAE2CF8-FDC7-4F6F-A5C3-649EAAD3F7D4}.Debug|Any CPU.Build.0 = Debug|Any CPU
		{CBAE2CF8-FDC7-4F6F-A5C3-649EAAD3F7D4}.Release|Any CPU.ActiveCfg = Release|Any CPU
		{CBAE2CF8-FDC7-4F6F-A5C3-649EAAD3F7D4}.Release|Any CPU.Build.0 = Release|Any CPU
		{EFB01F24-47EF-4FBA-9B60-8310045C6D56}.Debug|Any CPU.ActiveCfg = Debug|Any CPU
		{EFB01F24-47EF-4FBA-9B60-8310045C6D56}.Debug|Any CPU.Build.0 = Debug|Any CPU
		{EFB01F24-47EF-4FBA-9B60-8310045C6D56}.Release|Any CPU.ActiveCfg = Release|Any CPU
		{EFB01F24-47EF-4FBA-9B60-8310045C6D56}.Release|Any CPU.Build.0 = Release|Any CPU
	EndGlobalSection
	GlobalSection(SolutionProperties) = preSolution
		HideSolutionNode = FALSE
	EndGlobalSection
EndGlobal
