
Microsoft Visual Studio Solution File, Format Version 12.00
# Visual Studio 14
VisualStudioVersion = 14.0.25420.1
MinimumVisualStudioVersion = 10.0.40219.1
Project("{FAE04EC0-301F-11D3-BF4B-00C04F79EFBC}") = "GraphEngine.DataImporter", "GraphEngine.DataImporter\GraphEngine.DataImporter.csproj", "{CBAE2CF8-FDC7-4F6F-A5C3-649EAAD3F7D4}"
EndProject
Project("{FAE04EC0-301F-11D3-BF4B-00C04F79EFBC}") = "GraphEngine.DataImporter.UnitTest", "GraphEngine.DataImporter.UnitTest\GraphEngine.DataImporter.UnitTest.csproj", "{3AAC5FBA-9FD8-4228-AD15-DBB486709871}"
EndProject
Global
	GlobalSection(SolutionConfigurationPlatforms) = preSolution
		Debug|Any CPU = Debug|Any CPU
		Release|Any CPU = Release|Any CPU
	EndGlobalSection
	GlobalSection(ProjectConfigurationPlatforms) = postSolution
		{CBAE2CF8-FDC7-4F6F-A5C3-649EAAD3F7D4}.Debug|Any CPU.ActiveCfg = Debug|Any CPU
		{CBAE2CF8-FDC7-4F6F-A5C3-649EAAD3F7D4}.Debug|Any CPU.Build.0 = Debug|Any CPU
		{CBAE2CF8-FDC7-4F6F-A5C3-649EAAD3F7D4}.Release|Any CPU.ActiveCfg = Release|Any CPU
		{CBAE2CF8-FDC7-4F6F-A5C3-649EAAD3F7D4}.Release|Any CPU.Build.0 = Release|Any CPU
		{3AAC5FBA-9FD8-4228-AD15-DBB486709871}.Debug|Any CPU.ActiveCfg = Debug|Any CPU
		{3AAC5FBA-9FD8-4228-AD15-DBB486709871}.Debug|Any CPU.Build.0 = Debug|Any CPU
		{3AAC5FBA-9FD8-4228-AD15-DBB486709871}.Release|Any CPU.ActiveCfg = Release|Any CPU
		{3AAC5FBA-9FD8-4228-AD15-DBB486709871}.Release|Any CPU.Build.0 = Release|Any CPU
	EndGlobalSection
	GlobalSection(SolutionProperties) = preSolution
		HideSolutionNode = FALSE
	EndGlobalSection
EndGlobal
