
Microsoft Visual Studio Solution File, Format Version 12.00
# Visual Studio 14
VisualStudioVersion = 14.0.25420.1
MinimumVisualStudioVersion = 10.0.40219.1
Project("{FAE04EC0-301F-11D3-BF4B-00C04F79EFBC}") = "FanoutSearch", "FanoutSearch\FanoutSearch.csproj", "{88B8694D-8D5C-47B9-81D1-19F6ECB3E16F}"
EndProject
Project("{FAE04EC0-301F-11D3-BF4B-00C04F79EFBC}") = "FanoutSearch.Server", "FanoutSearch.Server\FanoutSearch.Server.csproj", "{A1DFC8F4-4E4F-48BE-9FA7-B767E4973D23}"
EndProject
Project("{FAE04EC0-301F-11D3-BF4B-00C04F79EFBC}") = "FanoutSearch.UnitTest", "FanoutSearch.UnitTest\FanoutSearch.UnitTest.csproj", "{7460F1B8-58D4-44A8-9B54-FAFA8A186D62}"
EndProject
Project("{FAE04EC0-301F-11D3-BF4B-00C04F79EFBC}") = "BuildNuGetPkg", "BuildNuGetPkg\BuildNuGetPkg.csproj", "{06D172A0-9B3F-4A20-8FD3-C7D86EFB9420}"
EndProject
Global
	GlobalSection(SolutionConfigurationPlatforms) = preSolution
		Debug|Any CPU = Debug|Any CPU
		Release|Any CPU = Release|Any CPU
	EndGlobalSection
	GlobalSection(ProjectConfigurationPlatforms) = postSolution
		{88B8694D-8D5C-47B9-81D1-19F6ECB3E16F}.Debug|Any CPU.ActiveCfg = Debug|Any CPU
		{88B8694D-8D5C-47B9-81D1-19F6ECB3E16F}.Debug|Any CPU.Build.0 = Debug|Any CPU
		{88B8694D-8D5C-47B9-81D1-19F6ECB3E16F}.Release|Any CPU.ActiveCfg = Release|Any CPU
		{88B8694D-8D5C-47B9-81D1-19F6ECB3E16F}.Release|Any CPU.Build.0 = Release|Any CPU
		{A1DFC8F4-4E4F-48BE-9FA7-B767E4973D23}.Debug|Any CPU.ActiveCfg = Debug|x64
		{A1DFC8F4-4E4F-48BE-9FA7-B767E4973D23}.Release|Any CPU.ActiveCfg = Release|Any CPU
		{A1DFC8F4-4E4F-48BE-9FA7-B767E4973D23}.Release|Any CPU.Build.0 = Release|Any CPU
		{7460F1B8-58D4-44A8-9B54-FAFA8A186D62}.Debug|Any CPU.ActiveCfg = Debug|Any CPU
		{7460F1B8-58D4-44A8-9B54-FAFA8A186D62}.Debug|Any CPU.Build.0 = Debug|Any CPU
		{7460F1B8-58D4-44A8-9B54-FAFA8A186D62}.Release|Any CPU.ActiveCfg = Release|Any CPU
		{7460F1B8-58D4-44A8-9B54-FAFA8A186D62}.Release|Any CPU.Build.0 = Release|Any CPU
		{06D172A0-9B3F-4A20-8FD3-C7D86EFB9420}.Debug|Any CPU.ActiveCfg = Debug|x86
		{06D172A0-9B3F-4A20-8FD3-C7D86EFB9420}.Release|Any CPU.ActiveCfg = Debug|x86
		{06D172A0-9B3F-4A20-8FD3-C7D86EFB9420}.Release|Any CPU.Build.0 = Debug|x86
	EndGlobalSection
	GlobalSection(SolutionProperties) = preSolution
		HideSolutionNode = FALSE
	EndGlobalSection
EndGlobal
