<?xml version="1.0" encoding="utf-8"?>
<Project ToolsVersion="4.0" xmlns="http://schemas.microsoft.com/developer/msbuild/2003">
  <ItemGroup>
    <Filter Include="Source Files">
      <UniqueIdentifier>{4FC737F1-C7A5-4376-A066-2A32D752A2FF}</UniqueIdentifier>
      <Extensions>cpp;c;cc;cxx;def;odl;idl;hpj;bat;asm;asmx</Extensions>
    </Filter>
    <Filter Include="Header Files">
      <UniqueIdentifier>{93995380-89BD-4b04-88EB-625FBE52EBFB}</UniqueIdentifier>
      <Extensions>h;hpp;hxx;hm;inl;inc;xsd</Extensions>
    </Filter>
    <Filter Include="Resource Files">
      <UniqueIdentifier>{67DA6AB6-F800-4c08-8B7A-83BB121AAD01}</UniqueIdentifier>
      <Extensions>rc;ico;cur;bmp;dlg;rc2;rct;bin;rgs;gif;jpg;jpeg;jpe;resx;tiff;tif;png;wav;mfcribbon-ms</Extensions>
    </Filter>
  </ItemGroup>
  <ItemGroup>
    <ClInclude Include="src\Mathematics\TrinityMath.h">
      <Filter>Header Files</Filter>
    </ClInclude>
    <ClInclude Include="src\Memory\Memory.h">
      <Filter>Header Files</Filter>
    </ClInclude>
    <ClInclude Include="src\Storage\LocalStorage\GCTask.h">
      <Filter>Header Files</Filter>
    </ClInclude>
    <ClInclude Include="src\Storage\LocalStorage\LocalMemoryStorage.h">
      <Filter>Header Files</Filter>
    </ClInclude>
    <ClInclude Include="src\Storage\MemoryTrunk\MemoryTrunk.h">
      <Filter>Header Files</Filter>
    </ClInclude>
    <ClInclude Include="src\Storage\MTHash\CellEntry.h">
      <Filter>Header Files</Filter>
    </ClInclude>
    <ClInclude Include="src\Storage\MTHash\MTHash.h">
      <Filter>Header Files</Filter>
    </ClInclude>
    <ClInclude Include="src\Threading\TrinitySpinlock.h">
      <Filter>Header Files</Filter>
    </ClInclude>
    <ClInclude Include="src\Trinity\Configuration\TrinityConfig.h">
      <Filter>Header Files</Filter>
    </ClInclude>
    <ClInclude Include="src\Utility\FileIO.h">
      <Filter>Header Files</Filter>
    </ClInclude>
    <ClInclude Include="src\Utility\HashHelper.h">
      <Filter>Header Files</Filter>
    </ClInclude>
    <ClInclude Include="src\Runtime\Transition.h">
      <Filter>Header Files</Filter>
    </ClInclude>
    <ClInclude Include="src\Runtime\Debug.h">
      <Filter>Header Files</Filter>
    </ClInclude>
    <ClInclude Include="src\Storage\MTHash\MT_ENUMERATOR.h">
      <Filter>Header Files</Filter>
    </ClInclude>
    <ClInclude Include="resource.h">
      <Filter>Header Files</Filter>
    </ClInclude>
    <ClInclude Include="src\Trinity\Diagnostics\Log.h">
      <Filter>Header Files</Filter>
    </ClInclude>
    <ClInclude Include="include\Trinity\Collections\HashSet.h">
      <Filter>Header Files</Filter>
    </ClInclude>
    <ClInclude Include="include\Trinity\Collections\List.h">
      <Filter>Header Files</Filter>
    </ClInclude>
    <ClInclude Include="include\Trinity\Collections\Tuple.h">
      <Filter>Header Files</Filter>
    </ClInclude>
    <ClInclude Include="include\Trinity\Diagnostics\TrinityDbg.h">
      <Filter>Header Files</Filter>
    </ClInclude>
    <ClInclude Include="include\Trinity\Hash\MD5.h">
      <Filter>Header Files</Filter>
    </ClInclude>
    <ClInclude Include="include\Trinity\IO\BinaryReader.h">
      <Filter>Header Files</Filter>
    </ClInclude>
    <ClInclude Include="include\Trinity\IO\BinaryWriter.h">
      <Filter>Header Files</Filter>
    </ClInclude>
    <ClInclude Include="include\Trinity\IO\Console.h">
      <Filter>Header Files</Filter>
    </ClInclude>
    <ClInclude Include="include\Trinity\IO\Directory.h">
      <Filter>Header Files</Filter>
    </ClInclude>
    <ClInclude Include="include\Trinity\IO\File.h">
      <Filter>Header Files</Filter>
    </ClInclude>
    <ClInclude Include="include\Trinity\IO\Path.h">
      <Filter>Header Files</Filter>
    </ClInclude>
    <ClInclude Include="include\Trinity\IO\StreamWriter.h">
      <Filter>Header Files</Filter>
    </ClInclude>
    <ClInclude Include="include\Trinity\Threading\Mutex.h">
      <Filter>Header Files</Filter>
    </ClInclude>
    <ClInclude Include="include\Trinity\Threading\Parallel.h">
      <Filter>Header Files</Filter>
    </ClInclude>
    <ClInclude Include="include\Trinity\Threading\Thread.h">
      <Filter>Header Files</Filter>
    </ClInclude>
    <ClInclude Include="include\Trinity\Utilities\CommandLineTools.h">
      <Filter>Header Files</Filter>
    </ClInclude>
    <ClInclude Include="include\Trinity\Utilities\OptionDescriptor.h">
      <Filter>Header Files</Filter>
    </ClInclude>
    <ClInclude Include="include\Trinity\Array.h">
      <Filter>Header Files</Filter>
    </ClInclude>
    <ClInclude Include="include\Trinity\DateTime.h">
      <Filter>Header Files</Filter>
    </ClInclude>
    <ClInclude Include="include\Trinity\Environment.h">
      <Filter>Header Files</Filter>
    </ClInclude>
    <ClInclude Include="include\Trinity\NonCopyable.h">
      <Filter>Header Files</Filter>
    </ClInclude>
    <ClInclude Include="include\Trinity\NonReferencable.h">
      <Filter>Header Files</Filter>
    </ClInclude>
    <ClInclude Include="include\Trinity\Random.h">
      <Filter>Header Files</Filter>
    </ClInclude>
    <ClInclude Include="include\Trinity\ref.h">
      <Filter>Header Files</Filter>
    </ClInclude>
    <ClInclude Include="include\Trinity\String.h">
      <Filter>Header Files</Filter>
    </ClInclude>
    <ClInclude Include="include\arch\cpu.h">
      <Filter>Header Files</Filter>
    </ClInclude>
    <ClInclude Include="include\os\os.h">
      <Filter>Header Files</Filter>
    </ClInclude>
    <ClInclude Include="src\BackgroundThread\BackgroundThread.h">
      <Filter>Header Files</Filter>
    </ClInclude>
    <ClInclude Include="src\Trinity\Diagnostics\LogAutoFlushTask.h">
      <Filter>Header Files</Filter>
    </ClInclude>
    <ClInclude Include="src\Debugger\Debugger.h">
      <Filter>Header Files</Filter>
    </ClInclude>
    <ClInclude Include="include\os\platforms\windows.h">
      <Filter>Header Files</Filter>
    </ClInclude>
    <ClInclude Include="include\os\platforms\linux.h">
      <Filter>Header Files</Filter>
    </ClInclude>
    <ClInclude Include="include\os\platforms\posix.h">
      <Filter>Header Files</Filter>
    </ClInclude>
    <ClInclude Include="include\os\platforms\darwin.h">
      <Filter>Header Files</Filter>
    </ClInclude>
    <ClInclude Include="src\Network\Server\iocp\TrinitySocketServer.h">
      <Filter>Header Files</Filter>
    </ClInclude>
    <ClInclude Include="src\Network\Client\windows\ClientSocket.h">
      <Filter>Header Files</Filter>
    </ClInclude>
    <ClInclude Include="src\Network\ProtocolConstants.h">
      <Filter>Header Files</Filter>
    </ClInclude>
    <ClInclude Include="src\Network\Client\TrinityClient.h">
      <Filter>Header Files</Filter>
    </ClInclude>
    <ClInclude Include="src\Network\Client\linux\ClientSocket.h">
      <Filter>Header Files</Filter>
    </ClInclude>
    <ClInclude Include="src\Network\Server\TrinityServer.h">
      <Filter>Header Files</Filter>
    </ClInclude>
    <ClInclude Include="src\Network\Server\iocp\Common.h">
      <Filter>Header Files</Filter>
    </ClInclude>
    <ClInclude Include="src\Runtime\InternalCalls.h">
      <Filter>Header Files</Filter>
    </ClInclude>
    <ClInclude Include="include\TrinityCommon.h">
      <Filter>Header Files</Filter>
    </ClInclude>
    <ClInclude Include="src\Network\SocketOptionsHelper.h">
      <Filter>Header Files</Filter>
    </ClInclude>
    <ClInclude Include="include\Trinity\Diagnostics\Stopwatch.h">
      <Filter>Header Files</Filter>
    </ClInclude>
    <ClInclude Include="include\Trinity\Hash\NonCryptographicHash.h">
      <Filter>Header Files</Filter>
    </ClInclude>
    <ClInclude Include="src\Network\Network.h">
      <Filter>Header Files</Filter>
    </ClInclude>
  </ItemGroup>
  <ItemGroup>
    <ClCompile Include="src\Mathematics\TrinityMath.cpp">
      <Filter>Source Files</Filter>
    </ClCompile>
    <ClCompile Include="src\Utility\HashHelper.cpp">
      <Filter>Source Files</Filter>
    </ClCompile>
    <ClCompile Include="src\Trinity\Configuration\TrinityConfig.cpp">
      <Filter>Source Files</Filter>
    </ClCompile>
    <ClCompile Include="src\Storage\MemoryTrunk\MemoryTrunk.cpp">
      <Filter>Source Files</Filter>
    </ClCompile>
    <ClCompile Include="src\Storage\MTHash\MTHash.Cell.cpp">
      <Filter>Source Files</Filter>
    </ClCompile>
    <ClCompile Include="src\Storage\MTHash\MTHash.cpp">
      <Filter>Source Files</Filter>
    </ClCompile>
    <ClCompile Include="src\Storage\MTHash\MTHash.DiskIO.cpp">
      <Filter>Source Files</Filter>
    </ClCompile>
    <ClCompile Include="src\Storage\MTHash\MTHash.ThreadSafe.cpp">
      <Filter>Source Files</Filter>
    </ClCompile>
    <ClCompile Include="src\Runtime\dllmain.cpp">
      <Filter>Source Files</Filter>
    </ClCompile>
    <ClCompile Include="src\Memory\Memory.cpp">
      <Filter>Source Files</Filter>
    </ClCompile>
    <ClCompile Include="src\Storage\MTHash\MTHash.Resize.cpp">
      <Filter>Source Files</Filter>
    </ClCompile>
    <ClCompile Include="src\Storage\MemoryTrunk\MemoryTrunk.Cell.Memory.cpp">
      <Filter>Source Files</Filter>
    </ClCompile>
    <ClCompile Include="src\Storage\MemoryTrunk\MemoryTrunk.AddressTable.cpp">
      <Filter>Source Files</Filter>
    </ClCompile>
    <ClCompile Include="src\Storage\MemoryTrunk\MemoryTrunk.LO.cpp">
      <Filter>Source Files</Filter>
    </ClCompile>
    <ClCompile Include="src\Storage\MemoryTrunk\MemoryTrunk.Memory.cpp">
      <Filter>Source Files</Filter>
    </ClCompile>
    <ClCompile Include="src\Storage\MTHash\MTHash.lock.cpp">
      <Filter>Source Files</Filter>
    </ClCompile>
    <ClCompile Include="src\Storage\MemoryTrunk\MemoryTrunk.DefragOneRegion.cpp">
      <Filter>Source Files</Filter>
    </ClCompile>
    <ClCompile Include="src\Storage\MemoryTrunk\MemoryTrunk.DefragTwoRegion.cpp">
      <Filter>Source Files</Filter>
    </ClCompile>
    <ClCompile Include="src\Storage\MemoryTrunk\MemoryTrunk.Defragmentation.cpp">
      <Filter>Source Files</Filter>
    </ClCompile>
    <ClCompile Include="src\Storage\LocalStorage\LocalMemoryStorage.cpp">
      <Filter>Source Files</Filter>
    </ClCompile>
    <ClCompile Include="src\Storage\MemoryTrunk\MemoryTrunk.DiskIO.cpp">
      <Filter>Source Files</Filter>
    </ClCompile>
    <ClCompile Include="src\Utility\FileIO.cpp">
      <Filter>Source Files</Filter>
    </ClCompile>
    <ClCompile Include="src\Storage\LocalStorage\GCTask.cpp">
      <Filter>Source Files</Filter>
    </ClCompile>
    <ClCompile Include="src\Runtime\Transition.cpp">
      <Filter>Source Files</Filter>
    </ClCompile>
    <ClCompile Include="src\Storage\MTHash\MTHash.CellInfo.cpp">
      <Filter>Source Files</Filter>
    </ClCompile>
    <ClCompile Include="src\Storage\LocalStorage\LocalMemoryStorage.Enumeration.cpp">
      <Filter>Source Files</Filter>
    </ClCompile>
    <ClCompile Include="src\Storage\MTHash\MT_ENUMERATOR.cpp">
      <Filter>Source Files</Filter>
    </ClCompile>
    <ClCompile Include="src\Storage\LocalStorage\LocalMemoryStorage.WriteAheadLog.cpp">
      <Filter>Source Files</Filter>
    </ClCompile>
    <ClCompile Include="src\Trinity\Diagnostics\Log.cpp">
      <Filter>Source Files</Filter>
    </ClCompile>
    <ClCompile Include="src\Runtime\init.cpp">
      <Filter>Source Files</Filter>
    </ClCompile>
    <ClCompile Include="src\BackgroundThread\BackgroundThread.cpp">
      <Filter>Source Files</Filter>
    </ClCompile>
    <ClCompile Include="src\Runtime\InternalCalls.cpp">
      <Filter>Source Files</Filter>
    </ClCompile>
    <ClCompile Include="src\Debugger\Debugger.Commands.cpp">
      <Filter>Source Files</Filter>
    </ClCompile>
    <ClCompile Include="src\Debugger\Debugger.Exception.cpp">
      <Filter>Source Files</Filter>
    </ClCompile>
    <ClCompile Include="src\Debugger\Debugger.Main.cpp">
      <Filter>Source Files</Filter>
    </ClCompile>
    <ClCompile Include="src\Debugger\Debugger.Storage.cpp">
      <Filter>Source Files</Filter>
    </ClCompile>
    <ClCompile Include="src\Debugger\Debugger.Threads.cpp">
      <Filter>Source Files</Filter>
    </ClCompile>
    <ClCompile Include="src\Network\Server\iocp\TrinitySocketServer.ContextObject.cpp">
      <Filter>Source Files</Filter>
    </ClCompile>
    <ClCompile Include="src\Network\Server\iocp\TrinitySocketServer.cpp">
      <Filter>Source Files</Filter>
    </ClCompile>
    <ClCompile Include="src\Network\Server\iocp\TrinitySocketServer.Recv.cpp">
      <Filter>Source Files</Filter>
    </ClCompile>
    <ClCompile Include="src\Network\Server\iocp\TrinitySocketServer.Send.cpp">
      <Filter>Source Files</Filter>
    </ClCompile>
    <ClCompile Include="src\Network\Server\iocp\TrinitySocketServer.Threading.cpp">
      <Filter>Source Files</Filter>
    </ClCompile>
    <ClCompile Include="src\Network\Client\windows\ClientSocket.cpp">
      <Filter>Source Files</Filter>
    </ClCompile>
    <ClCompile Include="include\os\platforms\posix.cpp">
      <Filter>Source Files</Filter>
    </ClCompile>
    <ClCompile Include="src\Network\Server\Common.cpp">
      <Filter>Source Files</Filter>
    </ClCompile>
    <ClCompile Include="src\Network\Server\TrinitySocketServerTest.cpp">
      <Filter>Source Files</Filter>
    </ClCompile>
    <ClCompile Include="src\Network\Client\TrinityClientSocketTest.cpp">
      <Filter>Source Files</Filter>
    </ClCompile>
    <ClCompile Include="src\Network\network_exported_methods.cpp">
      <Filter>Source Files</Filter>
    </ClCompile>
    <ClCompile Include="src\Network\ProtocolConstants.cpp">
      <Filter>Source Files</Filter>
    </ClCompile>
  </ItemGroup>
  <ItemGroup>
    <ResourceCompile Include="Trinity.C.rc">
      <Filter>Resource Files</Filter>
    </ResourceCompile>
  </ItemGroup>
  <ItemGroup>
    <None Include="include\collections" />
    <None Include="include\corelib" />
    <None Include="include\diagnostics" />
    <None Include="include\io" />
    <None Include="include\threading" />
    <None Include="include\utilities" />
  </ItemGroup>
</Project>