<?xml version="1.0" encoding="utf-8"?>
<Project ToolsVersion="15.0" xmlns="http://schemas.microsoft.com/developer/msbuild/2003">
  <ItemGroup>
    <ClCompile Include="C:\Users\yatli\git\GraphEngine\src\Trinity.TSL\Trinity.TSL.Parser\SyntaxNode.cpp">
      <Filter>Source Files</Filter>
    </ClCompile>
    <ClCompile Include="C:\Users\yatli\git\GraphEngine\src\Trinity.TSL\Trinity.TSL.Parser\Trinity.TSL.Parser.cpp">
      <Filter>Source Files</Filter>
    </ClCompile>
    <ClCompile Include="C:\Users\yatli\git\GraphEngine\src\Trinity.TSL\Trinity.TSL.Parser\debug.cpp">
      <Filter>Source Files</Filter>
    </ClCompile>
    <ClCompile Include="C:\Users\yatli\git\GraphEngine\src\Trinity.TSL\Trinity.TSL.Parser\dependency_resolver.cpp">
      <Filter>Source Files</Filter>
    </ClCompile>
    <ClCompile Include="C:\Users\yatli\git\GraphEngine\src\Trinity.TSL\Trinity.TSL.Parser\error.cpp">
      <Filter>Source Files</Filter>
    </ClCompile>
    <ClCompile Include="C:\Users\yatli\git\GraphEngine\src\Trinity.TSL\Trinity.TSL.Parser\get_children.cpp">
      <Filter>Source Files</Filter>
    </ClCompile>
    <ClCompile Include="C:\Users\yatli\git\GraphEngine\src\Trinity.TSL\Trinity.TSL.Parser\lex.flex.cpp">
      <Filter>Source Files</Filter>
    </ClCompile>
    <ClCompile Include="C:\Users\yatli\git\GraphEngine\src\Trinity.TSL\Trinity.TSL.Parser\parser.tab.cpp">
      <Filter>Source Files</Filter>
    </ClCompile>
    <ClCompile Include="C:\Users\yatli\git\GraphEngine\src\Trinity.TSL\Trinity.TSL.Parser\tb_dependency_check.cpp">
      <Filter>Source Files</Filter>
    </ClCompile>
    <ClCompile Include="C:\Users\yatli\git\GraphEngine\src\Trinity.TSL\Trinity.TSL.Parser\tb_semantc_check.cpp">
      <Filter>Source Files</Filter>
    </ClCompile>
  </ItemGroup>
  <ItemGroup>
    <CustomBuild Include="C:\Users\yatli\git\GraphEngine\src\Trinity.TSL\Trinity.TSL.Parser\CMakeLists.txt" />
  </ItemGroup>
  <ItemGroup>
    <Filter Include="Source Files">
      <UniqueIdentifier>{2FA90CF5-6201-3421-AC47-DFD3E0BC3CD4}</UniqueIdentifier>
    </Filter>
  </ItemGroup>
</Project>
